// !$*UTF8*$!
{
	archiveVersion = 1;
	classes = {
	};
	objectVersion = 46;
	objects = {

/* Begin PBXBuildFile section */
		D0000000000000000000001C /* Cocoa.framework in Frameworks */ = {isa = PBXBuildFile; fileRef = D0000000000000000000001B /* Cocoa.framework */; };
		D00000000000000000000026 /* Cocoa.framework in Frameworks */ = {isa = PBXBuildFile; fileRef = D0000000000000000000001B /* Cocoa.framework */; };
		D00000000000000000000030 /* Cocoa.framework in Frameworks */ = {isa = PBXBuildFile; fileRef = D0000000000000000000001B /* Cocoa.framework */; };
		D00000000000000000000039 /* Cocoa.framework in Frameworks */ = {isa = PBXBuildFile; fileRef = D0000000000000000000001B /* Cocoa.framework */; };
		D00000000000000000000042 /* Cocoa.framework in Frameworks */ = {isa = PBXBuildFile; fileRef = D0000000000000000000001B /* Cocoa.framework */; };
		D0000000000000000000004B /* Cocoa.framework in Frameworks */ = {isa = PBXBuildFile; fileRef = D0000000000000000000001B /* Cocoa.framework */; };
		D0000000000000000000004D /* AppModel.swift in Sources */ = {isa = PBXBuildFile; fileRef = D0000000000000000000004C /* AppModel.swift */; };
		D0000000000000000000004F /* LimitsApp.swift in Sources */ = {isa = PBXBuildFile; fileRef = D0000000000000000000004E /* LimitsApp.swift */; };
		D00000000000000000000051 /* RuntimeLog.swift in Sources */ = {isa = PBXBuildFile; fileRef = D00000000000000000000050 /* RuntimeLog.swift */; };
		D00000000000000000000053 /* TrayStatusIconAsset.swift in Sources */ = {isa = PBXBuildFile; fileRef = D00000000000000000000052 /* TrayStatusIconAsset.swift */; };
		D00000000000000000000055 /* TrayStatusIconRenderer.swift in Sources */ = {isa = PBXBuildFile; fileRef = D00000000000000000000054 /* TrayStatusIconRenderer.swift */; };
		D00000000000000000000057 /* WindowActivationTracker.swift in Sources */ = {isa = PBXBuildFile; fileRef = D00000000000000000000056 /* WindowActivationTracker.swift */; };
		D00000000000000000000059 /* AccountsWindowView.swift in Sources */ = {isa = PBXBuildFile; fileRef = D00000000000000000000058 /* AccountsWindowView.swift */; };
		D0000000000000000000005B /* CLIStateBadge.swift in Sources */ = {isa = PBXBuildFile; fileRef = D0000000000000000000005A /* CLIStateBadge.swift */; };
		D0000000000000000000005D /* CompactLimitBarsView.swift in Sources */ = {isa = PBXBuildFile; fileRef = D0000000000000000000005C /* CompactLimitBarsView.swift */; };
		D0000000000000000000005F /* MenuBarContentView.swift in Sources */ = {isa = PBXBuildFile; fileRef = D0000000000000000000005E /* MenuBarContentView.swift */; };
		D00000000000000000000061 /* NativeMenuBarScene.swift in Sources */ = {isa = PBXBuildFile; fileRef = D00000000000000000000060 /* NativeMenuBarScene.swift */; };
		D00000000000000000000063 /* ProviderAccent.swift in Sources */ = {isa = PBXBuildFile; fileRef = D00000000000000000000062 /* ProviderAccent.swift */; };
		D00000000000000000000065 /* ProviderFilterPicker.swift in Sources */ = {isa = PBXBuildFile; fileRef = D00000000000000000000064 /* ProviderFilterPicker.swift */; };
		D00000000000000000000067 /* SettingsView.swift in Sources */ = {isa = PBXBuildFile; fileRef = D00000000000000000000066 /* SettingsView.swift */; };
		D00000000000000000000069 /* WindowChromeConfigurator.swift in Sources */ = {isa = PBXBuildFile; fileRef = D00000000000000000000068 /* WindowChromeConfigurator.swift */; };
		D0000000000000000000006B /* AccountsPresentationLogic.swift in Sources */ = {isa = PBXBuildFile; fileRef = D0000000000000000000006A /* AccountsPresentationLogic.swift */; };
		D0000000000000000000006D /* AppServerModels.swift in Sources */ = {isa = PBXBuildFile; fileRef = D0000000000000000000006C /* AppServerModels.swift */; };
		D0000000000000000000006F /* ClaudeStoredAccount.swift in Sources */ = {isa = PBXBuildFile; fileRef = D0000000000000000000006E /* ClaudeStoredAccount.swift */; };
		D00000000000000000000071 /* ProviderPresentation.swift in Sources */ = {isa = PBXBuildFile; fileRef = D00000000000000000000070 /* ProviderPresentation.swift */; };
		D00000000000000000000073 /* RateLimitDisplay.swift in Sources */ = {isa = PBXBuildFile; fileRef = D00000000000000000000072 /* RateLimitDisplay.swift */; };
		D00000000000000000000075 /* StoredAccount.swift in Sources */ = {isa = PBXBuildFile; fileRef = D00000000000000000000074 /* StoredAccount.swift */; };
		D00000000000000000000077 /* TrayStatusPresentation.swift in Sources */ = {isa = PBXBuildFile; fileRef = D00000000000000000000076 /* TrayStatusPresentation.swift */; };
		D00000000000000000000079 /* AccountsPersistence.swift in Sources */ = {isa = PBXBuildFile; fileRef = D00000000000000000000078 /* AccountsPersistence.swift */; };
		D0000000000000000000007B /* AsyncCommandRunner.swift in Sources */ = {isa = PBXBuildFile; fileRef = D0000000000000000000007A /* AsyncCommandRunner.swift */; };
		D0000000000000000000007D /* ClaudeAuthStatusService.swift in Sources */ = {isa = PBXBuildFile; fileRef = D0000000000000000000007C /* ClaudeAuthStatusService.swift */; };
		D0000000000000000000007F /* ClaudeCredentialSwitchTransaction.swift in Sources */ = {isa = PBXBuildFile; fileRef = D0000000000000000000007E /* ClaudeCredentialSwitchTransaction.swift */; };
		D00000000000000000000081 /* ClaudeStatuslineBridgeService.swift in Sources */ = {isa = PBXBuildFile; fileRef = D00000000000000000000080 /* ClaudeStatuslineBridgeService.swift */; };
		D00000000000000000000083 /* CodexAccountService.swift in Sources */ = {isa = PBXBuildFile; fileRef = D00000000000000000000082 /* CodexAccountService.swift */; };
		D00000000000000000000085 /* CodexAppServerTransport.swift in Sources */ = {isa = PBXBuildFile; fileRef = D00000000000000000000084 /* CodexAppServerTransport.swift */; };
		D00000000000000000000087 /* CodexAuthBlob.swift in Sources */ = {isa = PBXBuildFile; fileRef = D00000000000000000000086 /* CodexAuthBlob.swift */; };
		D00000000000000000000089 /* CodexAuthSwitchTransaction.swift in Sources */ = {isa = PBXBuildFile; fileRef = D00000000000000000000088 /* CodexAuthSwitchTransaction.swift */; };
		D0000000000000000000008B /* CodexExecutableLocator.swift in Sources */ = {isa = PBXBuildFile; fileRef = D0000000000000000000008A /* CodexExecutableLocator.swift */; };
		D0000000000000000000008D /* GlobalClaudeCredentialService.swift in Sources */ = {isa = PBXBuildFile; fileRef = D0000000000000000000008C /* GlobalClaudeCredentialService.swift */; };
		D0000000000000000000008F /* GlobalCodexAuthService.swift in Sources */ = {isa = PBXBuildFile; fileRef = D0000000000000000000008E /* GlobalCodexAuthService.swift */; };
		D00000000000000000000091 /* KeychainAuthVault.swift in Sources */ = {isa = PBXBuildFile; fileRef = D00000000000000000000090 /* KeychainAuthVault.swift */; };
		D00000000000000000000093 /* PersistedStateMigrator.swift in Sources */ = {isa = PBXBuildFile; fileRef = D00000000000000000000092 /* PersistedStateMigrator.swift */; };
		D00000000000000000000095 /* LimitsWidgetSnapshot.swift in Sources */ = {isa = PBXBuildFile; fileRef = D00000000000000000000094 /* LimitsWidgetSnapshot.swift */; };
		D00000000000000000000097 /* LimitsWidgetSnapshotStore.swift in Sources */ = {isa = PBXBuildFile; fileRef = D00000000000000000000096 /* LimitsWidgetSnapshotStore.swift */; };
		D00000000000000000000099 /* LimitsCurrentLimitsWidget.swift in Sources */ = {isa = PBXBuildFile; fileRef = D00000000000000000000098 /* LimitsCurrentLimitsWidget.swift */; };
		D0000000000000000000009B /* AccountsPresentationLogicTests.swift in Sources */ = {isa = PBXBuildFile; fileRef = D0000000000000000000009A /* AccountsPresentationLogicTests.swift */; };
		D0000000000000000000009D /* ApplicationSceneRouterTests.swift in Sources */ = {isa = PBXBuildFile; fileRef = D0000000000000000000009C /* ApplicationSceneRouterTests.swift */; };
		D0000000000000000000009F /* AsyncCommandRunnerTests.swift in Sources */ = {isa = PBXBuildFile; fileRef = D0000000000000000000009E /* AsyncCommandRunnerTests.swift */; };
		D000000000000000000000A1 /* ClaudeCredentialSwitchTransactionTests.swift in Sources */ = {isa = PBXBuildFile; fileRef = D000000000000000000000A0 /* ClaudeCredentialSwitchTransactionTests.swift */; };
		D000000000000000000000A3 /* ClaudeStatuslineBridgeServiceTests.swift in Sources */ = {isa = PBXBuildFile; fileRef = D000000000000000000000A2 /* ClaudeStatuslineBridgeServiceTests.swift */; };
		D000000000000000000000A5 /* CodexAuthBlobTests.swift in Sources */ = {isa = PBXBuildFile; fileRef = D000000000000000000000A4 /* CodexAuthBlobTests.swift */; };
		D000000000000000000000A7 /* CodexAuthSwitchTransactionTests.swift in Sources */ = {isa = PBXBuildFile; fileRef = D000000000000000000000A6 /* CodexAuthSwitchTransactionTests.swift */; };
		D000000000000000000000A9 /* CodexRuntimeEnvironmentTests.swift in Sources */ = {isa = PBXBuildFile; fileRef = D000000000000000000000A8 /* CodexRuntimeEnvironmentTests.swift */; };
		D000000000000000000000AB /* FirstLaunchPolicyTests.swift in Sources */ = {isa = PBXBuildFile; fileRef = D000000000000000000000AA /* FirstLaunchPolicyTests.swift */; };
		D000000000000000000000AD /* KeychainAuthVaultTests.swift in Sources */ = {isa = PBXBuildFile; fileRef = D000000000000000000000AC /* KeychainAuthVaultTests.swift */; };
		D000000000000000000000AF /* LimitsWidgetSnapshotTests.swift in Sources */ = {isa = PBXBuildFile; fileRef = D000000000000000000000AE /* LimitsWidgetSnapshotTests.swift */; };
		D000000000000000000000B1 /* PersistedStateMigrationTests.swift in Sources */ = {isa = PBXBuildFile; fileRef = D000000000000000000000B0 /* PersistedStateMigrationTests.swift */; };
		D000000000000000000000B3 /* RateLimitDisplayTests.swift in Sources */ = {isa = PBXBuildFile; fileRef = D000000000000000000000B2 /* RateLimitDisplayTests.swift */; };
		D000000000000000000000B5 /* ReauthenticationResolutionTests.swift in Sources */ = {isa = PBXBuildFile; fileRef = D000000000000000000000B4 /* ReauthenticationResolutionTests.swift */; };
		D000000000000000000000B7 /* LimitsUITests.swift in Sources */ = {isa = PBXBuildFile; fileRef = D000000000000000000000B6 /* LimitsUITests.swift */; };
		D000000000000000000000BF /* Localizable.strings in Resources */ = {isa = PBXBuildFile; fileRef = D000000000000000000000B9 /* Localizable.strings */; };
		D000000000000000000000C3 /* claude.svg in Resources */ = {isa = PBXBuildFile; fileRef = D000000000000000000000C2 /* claude.svg */; };
		D000000000000000000000C5 /* codex.svg in Resources */ = {isa = PBXBuildFile; fileRef = D000000000000000000000C4 /* codex.svg */; };
		D000000000000000000000C7 /* AppIcon.icns in Resources */ = {isa = PBXBuildFile; fileRef = D000000000000000000000C6 /* AppIcon.icns */; };
		D000000000000000000000DC /* LimitsShared.framework in Frameworks */ = {isa = PBXBuildFile; fileRef = D0000000000000000000002B /* LimitsShared.framework */; };
		D000000000000000000000DD /* LimitsCore.framework in Frameworks */ = {isa = PBXBuildFile; fileRef = D00000000000000000000021 /* LimitsCore.framework */; };
		D000000000000000000000DE /* LimitsShared.framework in Frameworks */ = {isa = PBXBuildFile; fileRef = D0000000000000000000002B /* LimitsShared.framework */; };
		D000000000000000000000DF /* LimitsShared.framework in Frameworks */ = {isa = PBXBuildFile; fileRef = D0000000000000000000002B /* LimitsShared.framework */; };
		D000000000000000000000E0 /* LimitsCore.framework in Frameworks */ = {isa = PBXBuildFile; fileRef = D00000000000000000000021 /* LimitsCore.framework */; };
		D000000000000000000000E1 /* LimitsShared.framework in Frameworks */ = {isa = PBXBuildFile; fileRef = D0000000000000000000002B /* LimitsShared.framework */; };
		D000000000000000000000E3 /* LimitsShared.framework in Embed Frameworks */ = {isa = PBXBuildFile; fileRef = D0000000000000000000002B /* LimitsShared.framework */; settings = {ATTRIBUTES = (CodeSignOnCopy, RemoveHeadersOnCopy, ); }; };
		D000000000000000000000E4 /* LimitsCore.framework in Embed Frameworks */ = {isa = PBXBuildFile; fileRef = D00000000000000000000021 /* LimitsCore.framework */; settings = {ATTRIBUTES = (CodeSignOnCopy, RemoveHeadersOnCopy, ); }; };
		D000000000000000000000E6 /* LimitsWidgetExtension.appex in Embed App Extensions */ = {isa = PBXBuildFile; fileRef = D00000000000000000000035 /* LimitsWidgetExtension.appex */; settings = {ATTRIBUTES = (RemoveHeadersOnCopy, ); }; };
		D000000000000000000000E9 /* Sparkle in Frameworks */ = {isa = PBXBuildFile; productRef = D000000000000000000000E8 /* Sparkle */; };
		F1B42CB6BDEBE43FEFFBBD14 /* AccountsRepository.swift in Sources */ = {isa = PBXBuildFile; fileRef = F8E36AE198294A46528DF8B6 /* AccountsRepository.swift */; };
		F27190BBD6B6F7021B0C59C0 /* ClaudeSessionCoordinator.swift in Sources */ = {isa = PBXBuildFile; fileRef = FCAC215DEC6DA603E473C242 /* ClaudeSessionCoordinator.swift */; };
		F43E2142BE2C9BD8925155F0 /* InterprocessFileLock.swift in Sources */ = {isa = PBXBuildFile; fileRef = F15347A08A6E445801E1BCA9 /* InterprocessFileLock.swift */; };
		F4DAD46B4CF73465200ECC39 /* SoftwareUpdateController.swift in Sources */ = {isa = PBXBuildFile; fileRef = F8FFDF243213BAD58C8C3B0B /* SoftwareUpdateController.swift */; };
		F536992662C110B2E48A5440 /* L10n.swift in Sources */ = {isa = PBXBuildFile; fileRef = F8D540EE018553DD225DFD4D /* L10n.swift */; };
		F54847F76A1B84ED288DAAE8 /* ClaudeLivePresentation.swift in Sources */ = {isa = PBXBuildFile; fileRef = F2C7D4E29A00235C2D96F3D2 /* ClaudeLivePresentation.swift */; };
		F579457FDC2967D893AD44E9 /* FirstLaunchPolicy.swift in Sources */ = {isa = PBXBuildFile; fileRef = FFFB2C22AC42AD1F96EA0CBB /* FirstLaunchPolicy.swift */; };
		F5BD731F8400D7330ED35612 /* CodexSessionPresentation.swift in Sources */ = {isa = PBXBuildFile; fileRef = FDFEB917AE340B103BA64570 /* CodexSessionPresentation.swift */; };
		F64363D69613C781D4E5BEB6 /* MinimalChrome.swift in Sources */ = {isa = PBXBuildFile; fileRef = F72539F2956FEBB17FC55B6E /* MinimalChrome.swift */; };
		F65BB506CE8198529D67C7D3 /* ApplicationSceneRouter.swift in Sources */ = {isa = PBXBuildFile; fileRef = FE79F29002F9324023AA0123 /* ApplicationSceneRouter.swift */; };
		F7E909F7F9CF17918A4A4CAD /* LimitsRuntimeEnvironment.swift in Sources */ = {isa = PBXBuildFile; fileRef = F762BEC11929F0A02993BED8 /* LimitsRuntimeEnvironment.swift */; };
		F859B684E8B5BE7DFF31DBDF /* WidgetPresentationPolicy.swift in Sources */ = {isa = PBXBuildFile; fileRef = F9701B18B173BC111A054530 /* WidgetPresentationPolicy.swift */; };
		F9351083F88241B95E0C4B91 /* SessionCoordinatorTests.swift in Sources */ = {isa = PBXBuildFile; fileRef = F9DE3A0471381FC3DB49FDF7 /* SessionCoordinatorTests.swift */; };
		FA45F942D3EAF5DC2CF5260E /* LaunchAtLoginController.swift in Sources */ = {isa = PBXBuildFile; fileRef = F2437C292D5690E8A02E8D43 /* LaunchAtLoginController.swift */; };
		FAEA8F82DE397252DED93A5A /* CodexSessionCoordinator.swift in Sources */ = {isa = PBXBuildFile; fileRef = FA0C9A697E454429339B69A0 /* CodexSessionCoordinator.swift */; };
		FB334C164A7B40F03F66B7DF /* ProviderCatalogTests.swift in Sources */ = {isa = PBXBuildFile; fileRef = F5FA0A26034BFA2FB245C43B /* ProviderCatalogTests.swift */; };
		FB51D48BAA1947F2639837E5 /* AccountsRepositoryTests.swift in Sources */ = {isa = PBXBuildFile; fileRef = FF0253C29C0C32EDF4A97F2A /* AccountsRepositoryTests.swift */; };
		FC4903B63F14F7DC7BB90B85 /* CodexAccountsPresentationPolicy.swift in Sources */ = {isa = PBXBuildFile; fileRef = F4F3455CC8D369FCFA68B464 /* CodexAccountsPresentationPolicy.swift */; };
		FCFDCD6A63D89141936B5337 /* LaunchAtLoginControllerTests.swift in Sources */ = {isa = PBXBuildFile; fileRef = F8B3D336D468A7C29B811086 /* LaunchAtLoginControllerTests.swift */; };
		FDE359D874DA49732F3464C7 /* AccountResolution.swift in Sources */ = {isa = PBXBuildFile; fileRef = F23D09F2579B9EBEE91BB02E /* AccountResolution.swift */; };
		FE001B7BA74548881B29F888 /* LimitsWidgetSnapshotPublisher.swift in Sources */ = {isa = PBXBuildFile; fileRef = F2EA9E6F7F242AAF58643835 /* LimitsWidgetSnapshotPublisher.swift */; };
		FE6D03510A0309BE1060A3D4 /* ProviderCatalog.swift in Sources */ = {isa = PBXBuildFile; fileRef = F1B13B6B151CD85E13F79E19 /* ProviderCatalog.swift */; };
		FEC2D0CE07837A62454427F9 /* ProviderOperationState.swift in Sources */ = {isa = PBXBuildFile; fileRef = F4501C172F0D6D7F2A0E8B1A /* ProviderOperationState.swift */; };
/* End PBXBuildFile section */

/* Begin PBXContainerItemProxy section */
		D000000000000000000000CC /* PBXContainerItemProxy */ = {
			isa = PBXContainerItemProxy;
			containerPortal = D00000000000000000000001 /* Project object */;
			proxyType = 1;
			remoteGlobalIDString = D00000000000000000000027;
			remoteInfo = LimitsShared;
		};
		D000000000000000000000CE /* PBXContainerItemProxy */ = {
			isa = PBXContainerItemProxy;
			containerPortal = D00000000000000000000001 /* Project object */;
			proxyType = 1;
			remoteGlobalIDString = D0000000000000000000001D;
			remoteInfo = LimitsCore;
		};
		D000000000000000000000D0 /* PBXContainerItemProxy */ = {
			isa = PBXContainerItemProxy;
			containerPortal = D00000000000000000000001 /* Project object */;
			proxyType = 1;
			remoteGlobalIDString = D00000000000000000000031;
			remoteInfo = LimitsWidgetExtension;
		};
		D000000000000000000000D2 /* PBXContainerItemProxy */ = {
			isa = PBXContainerItemProxy;
			containerPortal = D00000000000000000000001 /* Project object */;
			proxyType = 1;
			remoteGlobalIDString = D00000000000000000000027;
			remoteInfo = LimitsShared;
		};
		D000000000000000000000D4 /* PBXContainerItemProxy */ = {
			isa = PBXContainerItemProxy;
			containerPortal = D00000000000000000000001 /* Project object */;
			proxyType = 1;
			remoteGlobalIDString = D00000000000000000000027;
			remoteInfo = LimitsShared;
		};
		D000000000000000000000D6 /* PBXContainerItemProxy */ = {
			isa = PBXContainerItemProxy;
			containerPortal = D00000000000000000000001 /* Project object */;
			proxyType = 1;
			remoteGlobalIDString = D0000000000000000000001D;
			remoteInfo = LimitsCore;
		};
		D000000000000000000000D8 /* PBXContainerItemProxy */ = {
			isa = PBXContainerItemProxy;
			containerPortal = D00000000000000000000001 /* Project object */;
			proxyType = 1;
			remoteGlobalIDString = D00000000000000000000027;
			remoteInfo = LimitsShared;
		};
		D000000000000000000000DA /* PBXContainerItemProxy */ = {
			isa = PBXContainerItemProxy;
			containerPortal = D00000000000000000000001 /* Project object */;
			proxyType = 1;
			remoteGlobalIDString = D00000000000000000000012;
			remoteInfo = Limits;
		};
/* End PBXContainerItemProxy section */

/* Begin PBXCopyFilesBuildPhase section */
		D000000000000000000000E2 /* Embed Frameworks */ = {
			isa = PBXCopyFilesBuildPhase;
			buildActionMask = 2147483647;
			dstPath = "";
			dstSubfolderSpec = 10;
			files = (
				D000000000000000000000E4 /* LimitsCore.framework in Embed Frameworks */,
				D000000000000000000000E3 /* LimitsShared.framework in Embed Frameworks */,
			);
			name = "Embed Frameworks";
			runOnlyForDeploymentPostprocessing = 0;
		};
		D000000000000000000000E5 /* Embed App Extensions */ = {
			isa = PBXCopyFilesBuildPhase;
			buildActionMask = 2147483647;
			dstPath = "";
			dstSubfolderSpec = 13;
			files = (
				D000000000000000000000E6 /* LimitsWidgetExtension.appex in Embed App Extensions */,
			);
			name = "Embed App Extensions";
			runOnlyForDeploymentPostprocessing = 0;
		};
/* End PBXCopyFilesBuildPhase section */

/* Begin PBXFileReference section */
		D00000000000000000000016 /* Limits.app */ = {isa = PBXFileReference; explicitFileType = wrapper.application; includeInIndex = 0; path = Limits.app; sourceTree = BUILT_PRODUCTS_DIR; };
		D0000000000000000000001B /* Cocoa.framework */ = {isa = PBXFileReference; lastKnownFileType = wrapper.framework; name = Cocoa.framework; path = System/Library/Frameworks/Cocoa.framework; sourceTree = SDKROOT; };
		D00000000000000000000021 /* LimitsCore.framework */ = {isa = PBXFileReference; explicitFileType = wrapper.framework; includeInIndex = 0; path = LimitsCore.framework; sourceTree = BUILT_PRODUCTS_DIR; };
		D0000000000000000000002B /* LimitsShared.framework */ = {isa = PBXFileReference; explicitFileType = wrapper.framework; includeInIndex = 0; path = LimitsShared.framework; sourceTree = BUILT_PRODUCTS_DIR; };
		D00000000000000000000035 /* LimitsWidgetExtension.appex */ = {isa = PBXFileReference; explicitFileType = "wrapper.app-extension"; includeInIndex = 0; path = LimitsWidgetExtension.appex; sourceTree = BUILT_PRODUCTS_DIR; };
		D0000000000000000000003E /* LimitsTests.xctest */ = {isa = PBXFileReference; explicitFileType = wrapper.cfbundle; includeInIndex = 0; path = LimitsTests.xctest; sourceTree = BUILT_PRODUCTS_DIR; };
		D00000000000000000000047 /* LimitsUITests.xctest */ = {isa = PBXFileReference; explicitFileType = wrapper.cfbundle; includeInIndex = 0; path = LimitsUITests.xctest; sourceTree = BUILT_PRODUCTS_DIR; };
		D0000000000000000000004C /* AppModel.swift */ = {isa = PBXFileReference; includeInIndex = 1; lastKnownFileType = sourcecode.swift; name = AppModel.swift; path = App/AppModel.swift; sourceTree = "<group>"; };
		D0000000000000000000004E /* LimitsApp.swift */ = {isa = PBXFileReference; includeInIndex = 1; lastKnownFileType = sourcecode.swift; name = LimitsApp.swift; path = App/LimitsApp.swift; sourceTree = "<group>"; };
		D00000000000000000000050 /* RuntimeLog.swift */ = {isa = PBXFileReference; includeInIndex = 1; lastKnownFileType = sourcecode.swift; name = RuntimeLog.swift; path = App/RuntimeLog.swift; sourceTree = "<group>"; };
		D00000000000000000000052 /* TrayStatusIconAsset.swift */ = {isa = PBXFileReference; includeInIndex = 1; lastKnownFileType = sourcecode.swift; name = TrayStatusIconAsset.swift; path = App/TrayStatusIconAsset.swift; sourceTree = "<group>"; };
		D00000000000000000000054 /* TrayStatusIconRenderer.swift */ = {isa = PBXFileReference; includeInIndex = 1; lastKnownFileType = sourcecode.swift; name = TrayStatusIconRenderer.swift; path = App/TrayStatusIconRenderer.swift; sourceTree = "<group>"; };
		D00000000000000000000056 /* WindowActivationTracker.swift */ = {isa = PBXFileReference; includeInIndex = 1; lastKnownFileType = sourcecode.swift; name = WindowActivationTracker.swift; path = App/WindowActivationTracker.swift; sourceTree = "<group>"; };
		D00000000000000000000058 /* AccountsWindowView.swift */ = {isa = PBXFileReference; includeInIndex = 1; lastKnownFileType = sourcecode.swift; name = AccountsWindowView.swift; path = Views/AccountsWindowView.swift; sourceTree = "<group>"; };
		D0000000000000000000005A /* CLIStateBadge.swift */ = {isa = PBXFileReference; includeInIndex = 1; lastKnownFileType = sourcecode.swift; name = CLIStateBadge.swift; path = Views/CLIStateBadge.swift; sourceTree = "<group>"; };
		D0000000000000000000005C /* CompactLimitBarsView.swift */ = {isa = PBXFileReference; includeInIndex = 1; lastKnownFileType = sourcecode.swift; name = CompactLimitBarsView.swift; path = Views/CompactLimitBarsView.swift; sourceTree = "<group>"; };
		D0000000000000000000005E /* MenuBarContentView.swift */ = {isa = PBXFileReference; includeInIndex = 1; lastKnownFileType = sourcecode.swift; name = MenuBarContentView.swift; path = Views/MenuBarContentView.swift; sourceTree = "<group>"; };
		D00000000000000000000060 /* NativeMenuBarScene.swift */ = {isa = PBXFileReference; includeInIndex = 1; lastKnownFileType = sourcecode.swift; name = NativeMenuBarScene.swift; path = Views/NativeMenuBarScene.swift; sourceTree = "<group>"; };
		D00000000000000000000062 /* ProviderAccent.swift */ = {isa = PBXFileReference; includeInIndex = 1; lastKnownFileType = sourcecode.swift; name = ProviderAccent.swift; path = Views/ProviderAccent.swift; sourceTree = "<group>"; };
		D00000000000000000000064 /* ProviderFilterPicker.swift */ = {isa = PBXFileReference; includeInIndex = 1; lastKnownFileType = sourcecode.swift; name = ProviderFilterPicker.swift; path = Views/ProviderFilterPicker.swift; sourceTree = "<group>"; };
		D00000000000000000000066 /* SettingsView.swift */ = {isa = PBXFileReference; includeInIndex = 1; lastKnownFileType = sourcecode.swift; name = SettingsView.swift; path = Views/SettingsView.swift; sourceTree = "<group>"; };
		D00000000000000000000068 /* WindowChromeConfigurator.swift */ = {isa = PBXFileReference; includeInIndex = 1; lastKnownFileType = sourcecode.swift; name = WindowChromeConfigurator.swift; path = Views/WindowChromeConfigurator.swift; sourceTree = "<group>"; };
		D0000000000000000000006A /* AccountsPresentationLogic.swift */ = {isa = PBXFileReference; includeInIndex = 1; lastKnownFileType = sourcecode.swift; name = AccountsPresentationLogic.swift; path = Models/AccountsPresentationLogic.swift; sourceTree = "<group>"; };
		D0000000000000000000006C /* AppServerModels.swift */ = {isa = PBXFileReference; includeInIndex = 1; lastKnownFileType = sourcecode.swift; name = AppServerModels.swift; path = Models/AppServerModels.swift; sourceTree = "<group>"; };
		D0000000000000000000006E /* ClaudeStoredAccount.swift */ = {isa = PBXFileReference; includeInIndex = 1; lastKnownFileType = sourcecode.swift; name = ClaudeStoredAccount.swift; path = Models/ClaudeStoredAccount.swift; sourceTree = "<group>"; };
		D00000000000000000000070 /* ProviderPresentation.swift */ = {isa = PBXFileReference; includeInIndex = 1; lastKnownFileType = sourcecode.swift; name = ProviderPresentation.swift; path = Models/ProviderPresentation.swift; sourceTree = "<group>"; };
		D00000000000000000000072 /* RateLimitDisplay.swift */ = {isa = PBXFileReference; includeInIndex = 1; lastKnownFileType = sourcecode.swift; name = RateLimitDisplay.swift; path = Models/RateLimitDisplay.swift; sourceTree = "<group>"; };
		D00000000000000000000074 /* StoredAccount.swift */ = {isa = PBXFileReference; includeInIndex = 1; lastKnownFileType = sourcecode.swift; name = StoredAccount.swift; path = Models/StoredAccount.swift; sourceTree = "<group>"; };
		D00000000000000000000076 /* TrayStatusPresentation.swift */ = {isa = PBXFileReference; includeInIndex = 1; lastKnownFileType = sourcecode.swift; name = TrayStatusPresentation.swift; path = Models/TrayStatusPresentation.swift; sourceTree = "<group>"; };
		D00000000000000000000078 /* AccountsPersistence.swift */ = {isa = PBXFileReference; includeInIndex = 1; lastKnownFileType = sourcecode.swift; name = AccountsPersistence.swift; path = Services/AccountsPersistence.swift; sourceTree = "<group>"; };
		D0000000000000000000007A /* AsyncCommandRunner.swift */ = {isa = PBXFileReference; includeInIndex = 1; lastKnownFileType = sourcecode.swift; name = AsyncCommandRunner.swift; path = Services/AsyncCommandRunner.swift; sourceTree = "<group>"; };
		D0000000000000000000007C /* ClaudeAuthStatusService.swift */ = {isa = PBXFileReference; includeInIndex = 1; lastKnownFileType = sourcecode.swift; name = ClaudeAuthStatusService.swift; path = Services/ClaudeAuthStatusService.swift; sourceTree = "<group>"; };
		D0000000000000000000007E /* ClaudeCredentialSwitchTransaction.swift */ = {isa = PBXFileReference; includeInIndex = 1; lastKnownFileType = sourcecode.swift; name = ClaudeCredentialSwitchTransaction.swift; path = Services/ClaudeCredentialSwitchTransaction.swift; sourceTree = "<group>"; };
		D00000000000000000000080 /* ClaudeStatuslineBridgeService.swift */ = {isa = PBXFileReference; includeInIndex = 1; lastKnownFileType = sourcecode.swift; name = ClaudeStatuslineBridgeService.swift; path = Services/ClaudeStatuslineBridgeService.swift; sourceTree = "<group>"; };
		D00000000000000000000082 /* CodexAccountService.swift */ = {isa = PBXFileReference; includeInIndex = 1; lastKnownFileType = sourcecode.swift; name = CodexAccountService.swift; path = Services/CodexAccountService.swift; sourceTree = "<group>"; };
		D00000000000000000000084 /* CodexAppServerTransport.swift */ = {isa = PBXFileReference; includeInIndex = 1; lastKnownFileType = sourcecode.swift; name = CodexAppServerTransport.swift; path = Services/CodexAppServerTransport.swift; sourceTree = "<group>"; };
		D00000000000000000000086 /* CodexAuthBlob.swift */ = {isa = PBXFileReference; includeInIndex = 1; lastKnownFileType = sourcecode.swift; name = CodexAuthBlob.swift; path = Services/CodexAuthBlob.swift; sourceTree = "<group>"; };
		D00000000000000000000088 /* CodexAuthSwitchTransaction.swift */ = {isa = PBXFileReference; includeInIndex = 1; lastKnownFileType = sourcecode.swift; name = CodexAuthSwitchTransaction.swift; path = Services/CodexAuthSwitchTransaction.swift; sourceTree = "<group>"; };
		D0000000000000000000008A /* CodexExecutableLocator.swift */ = {isa = PBXFileReference; includeInIndex = 1; lastKnownFileType = sourcecode.swift; name = CodexExecutableLocator.swift; path = Services/CodexExecutableLocator.swift; sourceTree = "<group>"; };
		D0000000000000000000008C /* GlobalClaudeCredentialService.swift */ = {isa = PBXFileReference; includeInIndex = 1; lastKnownFileType = sourcecode.swift; name = GlobalClaudeCredentialService.swift; path = Services/GlobalClaudeCredentialService.swift; sourceTree = "<group>"; };
		D0000000000000000000008E /* GlobalCodexAuthService.swift */ = {isa = PBXFileReference; includeInIndex = 1; lastKnownFileType = sourcecode.swift; name = GlobalCodexAuthService.swift; path = Services/GlobalCodexAuthService.swift; sourceTree = "<group>"; };
		D00000000000000000000090 /* KeychainAuthVault.swift */ = {isa = PBXFileReference; includeInIndex = 1; lastKnownFileType = sourcecode.swift; name = KeychainAuthVault.swift; path = Services/KeychainAuthVault.swift; sourceTree = "<group>"; };
		D00000000000000000000092 /* PersistedStateMigrator.swift */ = {isa = PBXFileReference; includeInIndex = 1; lastKnownFileType = sourcecode.swift; name = PersistedStateMigrator.swift; path = Services/PersistedStateMigrator.swift; sourceTree = "<group>"; };
		D00000000000000000000094 /* LimitsWidgetSnapshot.swift */ = {isa = PBXFileReference; includeInIndex = 1; lastKnownFileType = sourcecode.swift; path = LimitsWidgetSnapshot.swift; sourceTree = "<group>"; };
		D00000000000000000000096 /* LimitsWidgetSnapshotStore.swift */ = {isa = PBXFileReference; includeInIndex = 1; lastKnownFileType = sourcecode.swift; path = LimitsWidgetSnapshotStore.swift; sourceTree = "<group>"; };
		D00000000000000000000098 /* LimitsCurrentLimitsWidget.swift */ = {isa = PBXFileReference; includeInIndex = 1; lastKnownFileType = sourcecode.swift; path = LimitsCurrentLimitsWidget.swift; sourceTree = "<group>"; };
		D0000000000000000000009A /* AccountsPresentationLogicTests.swift */ = {isa = PBXFileReference; includeInIndex = 1; lastKnownFileType = sourcecode.swift; path = AccountsPresentationLogicTests.swift; sourceTree = "<group>"; };
		D0000000000000000000009C /* ApplicationSceneRouterTests.swift */ = {isa = PBXFileReference; includeInIndex = 1; lastKnownFileType = sourcecode.swift; path = ApplicationSceneRouterTests.swift; sourceTree = "<group>"; };
		D0000000000000000000009E /* AsyncCommandRunnerTests.swift */ = {isa = PBXFileReference; includeInIndex = 1; lastKnownFileType = sourcecode.swift; path = AsyncCommandRunnerTests.swift; sourceTree = "<group>"; };
		D000000000000000000000A0 /* ClaudeCredentialSwitchTransactionTests.swift */ = {isa = PBXFileReference; includeInIndex = 1; lastKnownFileType = sourcecode.swift; path = ClaudeCredentialSwitchTransactionTests.swift; sourceTree = "<group>"; };
		D000000000000000000000A2 /* ClaudeStatuslineBridgeServiceTests.swift */ = {isa = PBXFileReference; includeInIndex = 1; lastKnownFileType = sourcecode.swift; path = ClaudeStatuslineBridgeServiceTests.swift; sourceTree = "<group>"; };
		D000000000000000000000A4 /* CodexAuthBlobTests.swift */ = {isa = PBXFileReference; includeInIndex = 1; lastKnownFileType = sourcecode.swift; path = CodexAuthBlobTests.swift; sourceTree = "<group>"; };
		D000000000000000000000A6 /* CodexAuthSwitchTransactionTests.swift */ = {isa = PBXFileReference; includeInIndex = 1; lastKnownFileType = sourcecode.swift; path = CodexAuthSwitchTransactionTests.swift; sourceTree = "<group>"; };
		D000000000000000000000A8 /* CodexRuntimeEnvironmentTests.swift */ = {isa = PBXFileReference; includeInIndex = 1; lastKnownFileType = sourcecode.swift; path = CodexRuntimeEnvironmentTests.swift; sourceTree = "<group>"; };
		D000000000000000000000AA /* FirstLaunchPolicyTests.swift */ = {isa = PBXFileReference; includeInIndex = 1; lastKnownFileType = sourcecode.swift; path = FirstLaunchPolicyTests.swift; sourceTree = "<group>"; };
		D000000000000000000000AC /* KeychainAuthVaultTests.swift */ = {isa = PBXFileReference; includeInIndex = 1; lastKnownFileType = sourcecode.swift; path = KeychainAuthVaultTests.swift; sourceTree = "<group>"; };
		D000000000000000000000AE /* LimitsWidgetSnapshotTests.swift */ = {isa = PBXFileReference; includeInIndex = 1; lastKnownFileType = sourcecode.swift; path = LimitsWidgetSnapshotTests.swift; sourceTree = "<group>"; };
		D000000000000000000000B0 /* PersistedStateMigrationTests.swift */ = {isa = PBXFileReference; includeInIndex = 1; lastKnownFileType = sourcecode.swift; path = PersistedStateMigrationTests.swift; sourceTree = "<group>"; };
		D000000000000000000000B2 /* RateLimitDisplayTests.swift */ = {isa = PBXFileReference; includeInIndex = 1; lastKnownFileType = sourcecode.swift; path = RateLimitDisplayTests.swift; sourceTree = "<group>"; };
		D000000000000000000000B4 /* ReauthenticationResolutionTests.swift */ = {isa = PBXFileReference; includeInIndex = 1; lastKnownFileType = sourcecode.swift; path = ReauthenticationResolutionTests.swift; sourceTree = "<group>"; };
		D000000000000000000000B6 /* LimitsUITests.swift */ = {isa = PBXFileReference; includeInIndex = 1; lastKnownFileType = sourcecode.swift; path = LimitsUITests.swift; sourceTree = "<group>"; };
		D000000000000000000000BA /* en */ = {isa = PBXFileReference; includeInIndex = 1; lastKnownFileType = text.plist.strings; name = en; path = en.lproj/Localizable.strings; sourceTree = "<group>"; };
		D000000000000000000000BB /* es */ = {isa = PBXFileReference; includeInIndex = 1; lastKnownFileType = text.plist.strings; name = es; path = es.lproj/Localizable.strings; sourceTree = "<group>"; };
		D000000000000000000000BC /* fr */ = {isa = PBXFileReference; includeInIndex = 1; lastKnownFileType = text.plist.strings; name = fr; path = fr.lproj/Localizable.strings; sourceTree = "<group>"; };
		D000000000000000000000BD /* ru */ = {isa = PBXFileReference; includeInIndex = 1; lastKnownFileType = text.plist.strings; name = ru; path = ru.lproj/Localizable.strings; sourceTree = "<group>"; };
		D000000000000000000000BE /* zh-Hans */ = {isa = PBXFileReference; includeInIndex = 1; lastKnownFileType = text.plist.strings; name = "zh-Hans"; path = "zh-Hans.lproj/Localizable.strings"; sourceTree = "<group>"; };
		D000000000000000000000C2 /* claude.svg */ = {isa = PBXFileReference; includeInIndex = 1; path = claude.svg; sourceTree = "<group>"; };
		D000000000000000000000C4 /* codex.svg */ = {isa = PBXFileReference; includeInIndex = 1; path = codex.svg; sourceTree = "<group>"; };
		D000000000000000000000C6 /* AppIcon.icns */ = {isa = PBXFileReference; includeInIndex = 1; path = AppIcon.icns; sourceTree = "<group>"; };
		D000000000000000000000C8 /* Limits-Info.plist */ = {isa = PBXFileReference; includeInIndex = 1; lastKnownFileType = text.plist.xml; path = "Limits-Info.plist"; sourceTree = "<group>"; };
		D000000000000000000000C9 /* LimitsWidgetExtension-Info.plist */ = {isa = PBXFileReference; includeInIndex = 1; lastKnownFileType = text.plist.xml; path = "LimitsWidgetExtension-Info.plist"; sourceTree = "<group>"; };
		D000000000000000000000CA /* Limits.entitlements */ = {isa = PBXFileReference; includeInIndex = 1; lastKnownFileType = text.plist.entitlements; path = Limits.entitlements; sourceTree = "<group>"; };
		D000000000000000000000CB /* LimitsWidgetExtension.entitlements */ = {isa = PBXFileReference; includeInIndex = 1; lastKnownFileType = text.plist.entitlements; path = LimitsWidgetExtension.entitlements; sourceTree = "<group>"; };
		F15347A08A6E445801E1BCA9 /* InterprocessFileLock.swift */ = {isa = PBXFileReference; includeInIndex = 1; lastKnownFileType = sourcecode.swift; name = InterprocessFileLock.swift; path = Services/InterprocessFileLock.swift; sourceTree = "<group>"; };
		F1B13B6B151CD85E13F79E19 /* ProviderCatalog.swift */ = {isa = PBXFileReference; includeInIndex = 1; lastKnownFileType = sourcecode.swift; name = ProviderCatalog.swift; path = Models/ProviderCatalog.swift; sourceTree = "<group>"; };
		F23D09F2579B9EBEE91BB02E /* AccountResolution.swift */ = {isa = PBXFileReference; includeInIndex = 1; lastKnownFileType = sourcecode.swift; name = AccountResolution.swift; path = Models/AccountResolution.swift; sourceTree = "<group>"; };
		F2437C292D5690E8A02E8D43 /* LaunchAtLoginController.swift */ = {isa = PBXFileReference; includeInIndex = 1; lastKnownFileType = sourcecode.swift; name = LaunchAtLoginController.swift; path = AppSupport/LaunchAtLoginController.swift; sourceTree = "<group>"; };
		F2C7D4E29A00235C2D96F3D2 /* ClaudeLivePresentation.swift */ = {isa = PBXFileReference; includeInIndex = 1; lastKnownFileType = sourcecode.swift; name = ClaudeLivePresentation.swift; path = Models/ClaudeLivePresentation.swift; sourceTree = "<group>"; };
		F2EA9E6F7F242AAF58643835 /* LimitsWidgetSnapshotPublisher.swift */ = {isa = PBXFileReference; includeInIndex = 1; lastKnownFileType = sourcecode.swift; name = LimitsWidgetSnapshotPublisher.swift; path = AppSupport/LimitsWidgetSnapshotPublisher.swift; sourceTree = "<group>"; };
		F4501C172F0D6D7F2A0E8B1A /* ProviderOperationState.swift */ = {isa = PBXFileReference; includeInIndex = 1; lastKnownFileType = sourcecode.swift; name = ProviderOperationState.swift; path = Models/ProviderOperationState.swift; sourceTree = "<group>"; };
		F4F3455CC8D369FCFA68B464 /* CodexAccountsPresentationPolicy.swift */ = {isa = PBXFileReference; includeInIndex = 1; lastKnownFileType = sourcecode.swift; name = CodexAccountsPresentationPolicy.swift; path = Models/CodexAccountsPresentationPolicy.swift; sourceTree = "<group>"; };
		F5FA0A26034BFA2FB245C43B /* ProviderCatalogTests.swift */ = {isa = PBXFileReference; includeInIndex = 1; lastKnownFileType = sourcecode.swift; path = ProviderCatalogTests.swift; sourceTree = "<group>"; };
		F72539F2956FEBB17FC55B6E /* MinimalChrome.swift */ = {isa = PBXFileReference; includeInIndex = 1; lastKnownFileType = sourcecode.swift; name = MinimalChrome.swift; path = Views/MinimalChrome.swift; sourceTree = "<group>"; };
		F762BEC11929F0A02993BED8 /* LimitsRuntimeEnvironment.swift */ = {isa = PBXFileReference; includeInIndex = 1; lastKnownFileType = sourcecode.swift; name = LimitsRuntimeEnvironment.swift; path = App/LimitsRuntimeEnvironment.swift; sourceTree = "<group>"; };
		F8B3D336D468A7C29B811086 /* LaunchAtLoginControllerTests.swift */ = {isa = PBXFileReference; includeInIndex = 1; lastKnownFileType = sourcecode.swift; path = LaunchAtLoginControllerTests.swift; sourceTree = "<group>"; };
		F8D540EE018553DD225DFD4D /* L10n.swift */ = {isa = PBXFileReference; includeInIndex = 1; lastKnownFileType = sourcecode.swift; path = L10n.swift; sourceTree = "<group>"; };
		F8E36AE198294A46528DF8B6 /* AccountsRepository.swift */ = {isa = PBXFileReference; includeInIndex = 1; lastKnownFileType = sourcecode.swift; name = AccountsRepository.swift; path = Services/AccountsRepository.swift; sourceTree = "<group>"; };
		F8FFDF243213BAD58C8C3B0B /* SoftwareUpdateController.swift */ = {isa = PBXFileReference; includeInIndex = 1; lastKnownFileType = sourcecode.swift; name = SoftwareUpdateController.swift; path = App/SoftwareUpdateController.swift; sourceTree = "<group>"; };
		F9701B18B173BC111A054530 /* WidgetPresentationPolicy.swift */ = {isa = PBXFileReference; includeInIndex = 1; lastKnownFileType = sourcecode.swift; name = WidgetPresentationPolicy.swift; path = Models/WidgetPresentationPolicy.swift; sourceTree = "<group>"; };
		F9DE3A0471381FC3DB49FDF7 /* SessionCoordinatorTests.swift */ = {isa = PBXFileReference; includeInIndex = 1; lastKnownFileType = sourcecode.swift; path = SessionCoordinatorTests.swift; sourceTree = "<group>"; };
		FA0C9A697E454429339B69A0 /* CodexSessionCoordinator.swift */ = {isa = PBXFileReference; includeInIndex = 1; lastKnownFileType = sourcecode.swift; name = CodexSessionCoordinator.swift; path = Services/CodexSessionCoordinator.swift; sourceTree = "<group>"; };
		FCAC215DEC6DA603E473C242 /* ClaudeSessionCoordinator.swift */ = {isa = PBXFileReference; includeInIndex = 1; lastKnownFileType = sourcecode.swift; name = ClaudeSessionCoordinator.swift; path = Services/ClaudeSessionCoordinator.swift; sourceTree = "<group>"; };
		FDFEB917AE340B103BA64570 /* CodexSessionPresentation.swift */ = {isa = PBXFileReference; includeInIndex = 1; lastKnownFileType = sourcecode.swift; name = CodexSessionPresentation.swift; path = Models/CodexSessionPresentation.swift; sourceTree = "<group>"; };
		FE79F29002F9324023AA0123 /* ApplicationSceneRouter.swift */ = {isa = PBXFileReference; includeInIndex = 1; lastKnownFileType = sourcecode.swift; name = ApplicationSceneRouter.swift; path = AppSupport/ApplicationSceneRouter.swift; sourceTree = "<group>"; };
		FF0253C29C0C32EDF4A97F2A /* AccountsRepositoryTests.swift */ = {isa = PBXFileReference; includeInIndex = 1; lastKnownFileType = sourcecode.swift; path = AccountsRepositoryTests.swift; sourceTree = "<group>"; };
		FFFB2C22AC42AD1F96EA0CBB /* FirstLaunchPolicy.swift */ = {isa = PBXFileReference; includeInIndex = 1; lastKnownFileType = sourcecode.swift; name = FirstLaunchPolicy.swift; path = AppSupport/FirstLaunchPolicy.swift; sourceTree = "<group>"; };
/* End PBXFileReference section */

/* Begin PBXFrameworksBuildPhase section */
		D00000000000000000000018 /* Frameworks */ = {
			isa = PBXFrameworksBuildPhase;
			buildActionMask = 2147483647;
			files = (
				D0000000000000000000001C /* Cocoa.framework in Frameworks */,
				D000000000000000000000DD /* LimitsCore.framework in Frameworks */,
				D000000000000000000000DC /* LimitsShared.framework in Frameworks */,
				D000000000000000000000E9 /* Sparkle in Frameworks */,
			);
			runOnlyForDeploymentPostprocessing = 0;
		};
		D00000000000000000000024 /* Frameworks */ = {
			isa = PBXFrameworksBuildPhase;
			buildActionMask = 2147483647;
			files = (
				D00000000000000000000026 /* Cocoa.framework in Frameworks */,
				D000000000000000000000DE /* LimitsShared.framework in Frameworks */,
			);
			runOnlyForDeploymentPostprocessing = 0;
		};
		D0000000000000000000002E /* Frameworks */ = {
			isa = PBXFrameworksBuildPhase;
			buildActionMask = 2147483647;
			files = (
				D00000000000000000000030 /* Cocoa.framework in Frameworks */,
			);
			runOnlyForDeploymentPostprocessing = 0;
		};
		D00000000000000000000037 /* Frameworks */ = {
			isa = PBXFrameworksBuildPhase;
			buildActionMask = 2147483647;
			files = (
				D00000000000000000000039 /* Cocoa.framework in Frameworks */,
				D000000000000000000000DF /* LimitsShared.framework in Frameworks */,
			);
			runOnlyForDeploymentPostprocessing = 0;
		};
		D00000000000000000000040 /* Frameworks */ = {
			isa = PBXFrameworksBuildPhase;
			buildActionMask = 2147483647;
			files = (
				D00000000000000000000042 /* Cocoa.framework in Frameworks */,
				D000000000000000000000E0 /* LimitsCore.framework in Frameworks */,
				D000000000000000000000E1 /* LimitsShared.framework in Frameworks */,
			);
			runOnlyForDeploymentPostprocessing = 0;
		};
		D00000000000000000000049 /* Frameworks */ = {
			isa = PBXFrameworksBuildPhase;
			buildActionMask = 2147483647;
			files = (
				D0000000000000000000004B /* Cocoa.framework in Frameworks */,
			);
			runOnlyForDeploymentPostprocessing = 0;
		};
/* End PBXFrameworksBuildPhase section */

/* Begin PBXGroup section */
		D00000000000000000000002 = {
			isa = PBXGroup;
			children = (
				D0000000000000000000000B /* Assets */,
				D0000000000000000000000A /* Config */,
				D00000000000000000000007 /* Frameworks */,
				D00000000000000000000003 /* Products */,
				D00000000000000000000008 /* Sources */,
				D00000000000000000000009 /* Tests */,
			);
			sourceTree = "<group>";
		};
		D00000000000000000000003 /* Products */ = {
			isa = PBXGroup;
			children = (
				D00000000000000000000016 /* Limits.app */,
				D00000000000000000000021 /* LimitsCore.framework */,
				D0000000000000000000002B /* LimitsShared.framework */,
				D0000000000000000000003E /* LimitsTests.xctest */,
				D00000000000000000000047 /* LimitsUITests.xctest */,
				D00000000000000000000035 /* LimitsWidgetExtension.appex */,
			);
			name = Products;
			sourceTree = "<group>";
		};
		D00000000000000000000007 /* Frameworks */ = {
			isa = PBXGroup;
			children = (
				D0000000000000000000001A /* OS X */,
			);
			name = Frameworks;
			sourceTree = "<group>";
		};
		D00000000000000000000008 /* Sources */ = {
			isa = PBXGroup;
			children = (
				D0000000000000000000000C /* Limits */,
				D0000000000000000000000D /* LimitsCore */,
				D0000000000000000000000E /* LimitsShared */,
				D0000000000000000000000F /* LimitsWidgetExtension */,
			);
			name = Sources;
			path = Sources;
			sourceTree = "<group>";
		};
		D00000000000000000000009 /* Tests */ = {
			isa = PBXGroup;
			children = (
				D00000000000000000000010 /* LimitsTests */,
				D00000000000000000000011 /* LimitsUITests */,
			);
			name = Tests;
			path = Tests;
			sourceTree = "<group>";
		};
		D0000000000000000000000A /* Config */ = {
			isa = PBXGroup;
			children = (
				D000000000000000000000CA /* Limits.entitlements */,
				D000000000000000000000C8 /* Limits-Info.plist */,
				D000000000000000000000CB /* LimitsWidgetExtension.entitlements */,
				D000000000000000000000C9 /* LimitsWidgetExtension-Info.plist */,
			);
			name = Config;
			path = Config;
			sourceTree = "<group>";
		};
		D0000000000000000000000B /* Assets */ = {
			isa = PBXGroup;
			children = (
				D000000000000000000000C6 /* AppIcon.icns */,
			);
			name = Assets;
			path = Assets;
			sourceTree = "<group>";
		};
		D0000000000000000000000C /* Limits */ = {
			isa = PBXGroup;
			children = (
				D00000000000000000000058 /* AccountsWindowView.swift */,
				D0000000000000000000004C /* AppModel.swift */,
				D0000000000000000000005A /* CLIStateBadge.swift */,
				D0000000000000000000005C /* CompactLimitBarsView.swift */,
				D0000000000000000000004E /* LimitsApp.swift */,
				F762BEC11929F0A02993BED8 /* LimitsRuntimeEnvironment.swift */,
				D0000000000000000000005E /* MenuBarContentView.swift */,
				F72539F2956FEBB17FC55B6E /* MinimalChrome.swift */,
				D00000000000000000000060 /* NativeMenuBarScene.swift */,
				D00000000000000000000062 /* ProviderAccent.swift */,
				D00000000000000000000064 /* ProviderFilterPicker.swift */,
				D000000000000000000000C0 /* Resources */,
				D00000000000000000000050 /* RuntimeLog.swift */,
				D00000000000000000000066 /* SettingsView.swift */,
				F8FFDF243213BAD58C8C3B0B /* SoftwareUpdateController.swift */,
				D00000000000000000000052 /* TrayStatusIconAsset.swift */,
				D00000000000000000000054 /* TrayStatusIconRenderer.swift */,
				D00000000000000000000056 /* WindowActivationTracker.swift */,
				D00000000000000000000068 /* WindowChromeConfigurator.swift */,
			);
			name = Limits;
			path = Limits;
			sourceTree = "<group>";
		};
		D0000000000000000000000D /* LimitsCore */ = {
			isa = PBXGroup;
			children = (
				F23D09F2579B9EBEE91BB02E /* AccountResolution.swift */,
				D00000000000000000000078 /* AccountsPersistence.swift */,
				D0000000000000000000006A /* AccountsPresentationLogic.swift */,
				F8E36AE198294A46528DF8B6 /* AccountsRepository.swift */,
				FE79F29002F9324023AA0123 /* ApplicationSceneRouter.swift */,
				D0000000000000000000006C /* AppServerModels.swift */,
				D0000000000000000000007A /* AsyncCommandRunner.swift */,
				D0000000000000000000007C /* ClaudeAuthStatusService.swift */,
				D0000000000000000000007E /* ClaudeCredentialSwitchTransaction.swift */,
				F2C7D4E29A00235C2D96F3D2 /* ClaudeLivePresentation.swift */,
				FCAC215DEC6DA603E473C242 /* ClaudeSessionCoordinator.swift */,
				D00000000000000000000080 /* ClaudeStatuslineBridgeService.swift */,
				D0000000000000000000006E /* ClaudeStoredAccount.swift */,
				D00000000000000000000082 /* CodexAccountService.swift */,
				F4F3455CC8D369FCFA68B464 /* CodexAccountsPresentationPolicy.swift */,
				D00000000000000000000084 /* CodexAppServerTransport.swift */,
				D00000000000000000000086 /* CodexAuthBlob.swift */,
				D00000000000000000000088 /* CodexAuthSwitchTransaction.swift */,
				D0000000000000000000008A /* CodexExecutableLocator.swift */,
				FA0C9A697E454429339B69A0 /* CodexSessionCoordinator.swift */,
				FDFEB917AE340B103BA64570 /* CodexSessionPresentation.swift */,
				FFFB2C22AC42AD1F96EA0CBB /* FirstLaunchPolicy.swift */,
				D0000000000000000000008C /* GlobalClaudeCredentialService.swift */,
				D0000000000000000000008E /* GlobalCodexAuthService.swift */,
				F15347A08A6E445801E1BCA9 /* InterprocessFileLock.swift */,
				D00000000000000000000090 /* KeychainAuthVault.swift */,
				F2437C292D5690E8A02E8D43 /* LaunchAtLoginController.swift */,
				F2EA9E6F7F242AAF58643835 /* LimitsWidgetSnapshotPublisher.swift */,
				D00000000000000000000092 /* PersistedStateMigrator.swift */,
				F1B13B6B151CD85E13F79E19 /* ProviderCatalog.swift */,
				F4501C172F0D6D7F2A0E8B1A /* ProviderOperationState.swift */,
				D00000000000000000000070 /* ProviderPresentation.swift */,
				D00000000000000000000072 /* RateLimitDisplay.swift */,
				D00000000000000000000074 /* StoredAccount.swift */,
				D00000000000000000000076 /* TrayStatusPresentation.swift */,
				F9701B18B173BC111A054530 /* WidgetPresentationPolicy.swift */,
			);
			name = LimitsCore;
			path = LimitsCore;
			sourceTree = "<group>";
		};
		D0000000000000000000000E /* LimitsShared */ = {
			isa = PBXGroup;
			children = (
				F8D540EE018553DD225DFD4D /* L10n.swift */,
				D00000000000000000000094 /* LimitsWidgetSnapshot.swift */,
				D00000000000000000000096 /* LimitsWidgetSnapshotStore.swift */,
				D000000000000000000000B8 /* Resources */,
			);
			name = LimitsShared;
			path = LimitsShared;
			sourceTree = "<group>";
		};
		D0000000000000000000000F /* LimitsWidgetExtension */ = {
			isa = PBXGroup;
			children = (
				D00000000000000000000098 /* LimitsCurrentLimitsWidget.swift */,
			);
			name = LimitsWidgetExtension;
			path = LimitsWidgetExtension;
			sourceTree = "<group>";
		};
		D00000000000000000000010 /* LimitsTests */ = {
			isa = PBXGroup;
			children = (
				D0000000000000000000009A /* AccountsPresentationLogicTests.swift */,
				FF0253C29C0C32EDF4A97F2A /* AccountsRepositoryTests.swift */,
				D0000000000000000000009C /* ApplicationSceneRouterTests.swift */,
				D0000000000000000000009E /* AsyncCommandRunnerTests.swift */,
				D000000000000000000000A0 /* ClaudeCredentialSwitchTransactionTests.swift */,
				D000000000000000000000A2 /* ClaudeStatuslineBridgeServiceTests.swift */,
				D000000000000000000000A4 /* CodexAuthBlobTests.swift */,
				D000000000000000000000A6 /* CodexAuthSwitchTransactionTests.swift */,
				D000000000000000000000A8 /* CodexRuntimeEnvironmentTests.swift */,
				D000000000000000000000AA /* FirstLaunchPolicyTests.swift */,
				D000000000000000000000AC /* KeychainAuthVaultTests.swift */,
				F8B3D336D468A7C29B811086 /* LaunchAtLoginControllerTests.swift */,
				D000000000000000000000AE /* LimitsWidgetSnapshotTests.swift */,
				D000000000000000000000B0 /* PersistedStateMigrationTests.swift */,
				F5FA0A26034BFA2FB245C43B /* ProviderCatalogTests.swift */,
				D000000000000000000000B2 /* RateLimitDisplayTests.swift */,
				D000000000000000000000B4 /* ReauthenticationResolutionTests.swift */,
				F9DE3A0471381FC3DB49FDF7 /* SessionCoordinatorTests.swift */,
			);
			name = LimitsTests;
			path = LimitsTests;
			sourceTree = "<group>";
		};
		D00000000000000000000011 /* LimitsUITests */ = {
			isa = PBXGroup;
			children = (
				D000000000000000000000B6 /* LimitsUITests.swift */,
			);
			name = LimitsUITests;
			path = LimitsUITests;
			sourceTree = "<group>";
		};
		D0000000000000000000001A /* OS X */ = {
			isa = PBXGroup;
			children = (
				D0000000000000000000001B /* Cocoa.framework */,
			);
			name = "OS X";
			sourceTree = "<group>";
		};
		D000000000000000000000B8 /* Resources */ = {
			isa = PBXGroup;
			children = (
				D000000000000000000000B9 /* Localizable.strings */,
			);
			name = Resources;
			path = Resources;
			sourceTree = "<group>";
		};
		D000000000000000000000C0 /* Resources */ = {
			isa = PBXGroup;
			children = (
				D000000000000000000000C1 /* TrayIcons */,
			);
			name = Resources;
			path = Resources;
			sourceTree = "<group>";
		};
		D000000000000000000000C1 /* TrayIcons */ = {
			isa = PBXGroup;
			children = (
				D000000000000000000000C2 /* claude.svg */,
				D000000000000000000000C4 /* codex.svg */,
			);
			name = TrayIcons;
			path = TrayIcons;
			sourceTree = "<group>";
		};
/* End PBXGroup section */

/* Begin PBXHeadersBuildPhase section */
		D00000000000000000000022 /* Headers */ = {
			isa = PBXHeadersBuildPhase;
			buildActionMask = 2147483647;
			files = (
			);
			runOnlyForDeploymentPostprocessing = 0;
		};
		D0000000000000000000002C /* Headers */ = {
			isa = PBXHeadersBuildPhase;
			buildActionMask = 2147483647;
			files = (
			);
			runOnlyForDeploymentPostprocessing = 0;
		};
/* End PBXHeadersBuildPhase section */

/* Begin PBXNativeTarget section */
		D00000000000000000000012 /* Limits */ = {
			isa = PBXNativeTarget;
			buildConfigurationList = D00000000000000000000013 /* Build configuration list for PBXNativeTarget "Limits" */;
			buildPhases = (
				D00000000000000000000017 /* Sources */,
				D00000000000000000000018 /* Frameworks */,
				D00000000000000000000019 /* Resources */,
				D000000000000000000000E2 /* Embed Frameworks */,
				D000000000000000000000E5 /* Embed App Extensions */,
			);
			buildRules = (
			);
			dependencies = (
				D000000000000000000000CF /* PBXTargetDependency */,
				D000000000000000000000CD /* PBXTargetDependency */,
				D000000000000000000000D1 /* PBXTargetDependency */,
			);
			name = Limits;
			packageProductDependencies = (
				D000000000000000000000E8 /* Sparkle */,
			);
			productName = Limits;
			productReference = D00000000000000000000016 /* Limits.app */;
			productType = "com.apple.product-type.application";
		};
		D0000000000000000000001D /* LimitsCore */ = {
			isa = PBXNativeTarget;
			buildConfigurationList = D0000000000000000000001E /* Build configuration list for PBXNativeTarget "LimitsCore" */;
			buildPhases = (
				D00000000000000000000022 /* Headers */,
				D00000000000000000000023 /* Sources */,
				D00000000000000000000024 /* Frameworks */,
				D00000000000000000000025 /* Resources */,
			);
			buildRules = (
			);
			dependencies = (
				D000000000000000000000D3 /* PBXTargetDependency */,
			);
			name = LimitsCore;
			productName = LimitsCore;
			productReference = D00000000000000000000021 /* LimitsCore.framework */;
			productType = "com.apple.product-type.framework";
		};
		D00000000000000000000027 /* LimitsShared */ = {
			isa = PBXNativeTarget;
			buildConfigurationList = D00000000000000000000028 /* Build configuration list for PBXNativeTarget "LimitsShared" */;
			buildPhases = (
				D0000000000000000000002C /* Headers */,
				D0000000000000000000002D /* Sources */,
				D0000000000000000000002E /* Frameworks */,
				D0000000000000000000002F /* Resources */,
			);
			buildRules = (
			);
			dependencies = (
			);
			name = LimitsShared;
			productName = LimitsShared;
			productReference = D0000000000000000000002B /* LimitsShared.framework */;
			productType = "com.apple.product-type.framework";
		};
		D00000000000000000000031 /* LimitsWidgetExtension */ = {
			isa = PBXNativeTarget;
			buildConfigurationList = D00000000000000000000032 /* Build configuration list for PBXNativeTarget "LimitsWidgetExtension" */;
			buildPhases = (
				D00000000000000000000036 /* Sources */,
				D00000000000000000000037 /* Frameworks */,
				D00000000000000000000038 /* Resources */,
			);
			buildRules = (
			);
			dependencies = (
				D000000000000000000000D5 /* PBXTargetDependency */,
			);
			name = LimitsWidgetExtension;
			productName = LimitsWidgetExtension;
			productReference = D00000000000000000000035 /* LimitsWidgetExtension.appex */;
			productType = "com.apple.product-type.app-extension";
		};
		D0000000000000000000003A /* LimitsTests */ = {
			isa = PBXNativeTarget;
			buildConfigurationList = D0000000000000000000003B /* Build configuration list for PBXNativeTarget "LimitsTests" */;
			buildPhases = (
				D0000000000000000000003F /* Sources */,
				D00000000000000000000040 /* Frameworks */,
				D00000000000000000000041 /* Resources */,
			);
			buildRules = (
			);
			dependencies = (
				D000000000000000000000D7 /* PBXTargetDependency */,
				D000000000000000000000D9 /* PBXTargetDependency */,
			);
			name = LimitsTests;
			productName = LimitsTests;
			productReference = D0000000000000000000003E /* LimitsTests.xctest */;
			productType = "com.apple.product-type.bundle.unit-test";
		};
		D00000000000000000000043 /* LimitsUITests */ = {
			isa = PBXNativeTarget;
			buildConfigurationList = D00000000000000000000044 /* Build configuration list for PBXNativeTarget "LimitsUITests" */;
			buildPhases = (
				D00000000000000000000048 /* Sources */,
				D00000000000000000000049 /* Frameworks */,
				D0000000000000000000004A /* Resources */,
			);
			buildRules = (
			);
			dependencies = (
				D000000000000000000000DB /* PBXTargetDependency */,
			);
			name = LimitsUITests;
			productName = LimitsUITests;
			productReference = D00000000000000000000047 /* LimitsUITests.xctest */;
			productType = "com.apple.product-type.bundle.ui-testing";
		};
/* End PBXNativeTarget section */

/* Begin PBXProject section */
		D00000000000000000000001 /* Project object */ = {
			isa = PBXProject;
			attributes = {
				LastSwiftUpdateCheck = 2600;
				LastUpgradeCheck = 2600;
				TargetAttributes = {
					D00000000000000000000012 = {
						CreatedOnToolsVersion = 26.0;
						DevelopmentTeam = M94V58FCVP;
						ProvisioningStyle = Automatic;
					};
					D0000000000000000000001D = {
						CreatedOnToolsVersion = 26.0;
						DevelopmentTeam = M94V58FCVP;
						ProvisioningStyle = Automatic;
					};
					D00000000000000000000027 = {
						CreatedOnToolsVersion = 26.0;
						DevelopmentTeam = M94V58FCVP;
						ProvisioningStyle = Automatic;
					};
					D00000000000000000000031 = {
						CreatedOnToolsVersion = 26.0;
						DevelopmentTeam = M94V58FCVP;
						ProvisioningStyle = Automatic;
					};
					D0000000000000000000003A = {
						CreatedOnToolsVersion = 26.0;
						DevelopmentTeam = M94V58FCVP;
						ProvisioningStyle = Automatic;
					};
					D00000000000000000000043 = {
						CreatedOnToolsVersion = 26.0;
						DevelopmentTeam = M94V58FCVP;
						ProvisioningStyle = Automatic;
					};
				};
			};
			buildConfigurationList = D00000000000000000000004 /* Build configuration list for PBXProject "Limits" */;
			compatibilityVersion = "Xcode 3.2";
			developmentRegion = en;
			hasScannedForEncodings = 0;
			knownRegions = (
				en,
				Base,
			);
			mainGroup = D00000000000000000000002;
			minimizedProjectReferenceProxies = 0;
			packageReferences = (
				D000000000000000000000E7 /* XCRemoteSwiftPackageReference "Sparkle" */,
			);
			preferredProjectObjectVersion = 77;
			productRefGroup = D00000000000000000000003 /* Products */;
			projectDirPath = "";
			projectRoot = "";
			targets = (
				D00000000000000000000012 /* Limits */,
				D0000000000000000000001D /* LimitsCore */,
				D00000000000000000000027 /* LimitsShared */,
				D0000000000000000000003A /* LimitsTests */,
				D00000000000000000000043 /* LimitsUITests */,
				D00000000000000000000031 /* LimitsWidgetExtension */,
			);
		};
/* End PBXProject section */

/* Begin PBXResourcesBuildPhase section */
		D00000000000000000000019 /* Resources */ = {
			isa = PBXResourcesBuildPhase;
			buildActionMask = 2147483647;
			files = (
				D000000000000000000000C7 /* AppIcon.icns in Resources */,
				D000000000000000000000C3 /* claude.svg in Resources */,
				D000000000000000000000C5 /* codex.svg in Resources */,
			);
			runOnlyForDeploymentPostprocessing = 0;
		};
		D00000000000000000000025 /* Resources */ = {
			isa = PBXResourcesBuildPhase;
			buildActionMask = 2147483647;
			files = (
			);
			runOnlyForDeploymentPostprocessing = 0;
		};
		D0000000000000000000002F /* Resources */ = {
			isa = PBXResourcesBuildPhase;
			buildActionMask = 2147483647;
			files = (
				D000000000000000000000BF /* Localizable.strings in Resources */,
			);
			runOnlyForDeploymentPostprocessing = 0;
		};
		D00000000000000000000038 /* Resources */ = {
			isa = PBXResourcesBuildPhase;
			buildActionMask = 2147483647;
			files = (
			);
			runOnlyForDeploymentPostprocessing = 0;
		};
		D00000000000000000000041 /* Resources */ = {
			isa = PBXResourcesBuildPhase;
			buildActionMask = 2147483647;
			files = (
			);
			runOnlyForDeploymentPostprocessing = 0;
		};
		D0000000000000000000004A /* Resources */ = {
			isa = PBXResourcesBuildPhase;
			buildActionMask = 2147483647;
			files = (
			);
			runOnlyForDeploymentPostprocessing = 0;
		};
/* End PBXResourcesBuildPhase section */

/* Begin PBXSourcesBuildPhase section */
		D00000000000000000000017 /* Sources */ = {
			isa = PBXSourcesBuildPhase;
			buildActionMask = 2147483647;
			files = (
				D00000000000000000000059 /* AccountsWindowView.swift in Sources */,
				D0000000000000000000004D /* AppModel.swift in Sources */,
				D0000000000000000000005B /* CLIStateBadge.swift in Sources */,
				D0000000000000000000005D /* CompactLimitBarsView.swift in Sources */,
				D0000000000000000000004F /* LimitsApp.swift in Sources */,
				F7E909F7F9CF17918A4A4CAD /* LimitsRuntimeEnvironment.swift in Sources */,
				D0000000000000000000005F /* MenuBarContentView.swift in Sources */,
				F64363D69613C781D4E5BEB6 /* MinimalChrome.swift in Sources */,
				D00000000000000000000061 /* NativeMenuBarScene.swift in Sources */,
				D00000000000000000000063 /* ProviderAccent.swift in Sources */,
				D00000000000000000000065 /* ProviderFilterPicker.swift in Sources */,
				D00000000000000000000051 /* RuntimeLog.swift in Sources */,
				D00000000000000000000067 /* SettingsView.swift in Sources */,
				F4DAD46B4CF73465200ECC39 /* SoftwareUpdateController.swift in Sources */,
				D00000000000000000000053 /* TrayStatusIconAsset.swift in Sources */,
				D00000000000000000000055 /* TrayStatusIconRenderer.swift in Sources */,
				D00000000000000000000057 /* WindowActivationTracker.swift in Sources */,
				D00000000000000000000069 /* WindowChromeConfigurator.swift in Sources */,
			);
			runOnlyForDeploymentPostprocessing = 0;
		};
		D00000000000000000000023 /* Sources */ = {
			isa = PBXSourcesBuildPhase;
			buildActionMask = 2147483647;
			files = (
				FDE359D874DA49732F3464C7 /* AccountResolution.swift in Sources */,
				D00000000000000000000079 /* AccountsPersistence.swift in Sources */,
				D0000000000000000000006B /* AccountsPresentationLogic.swift in Sources */,
				F1B42CB6BDEBE43FEFFBBD14 /* AccountsRepository.swift in Sources */,
				F65BB506CE8198529D67C7D3 /* ApplicationSceneRouter.swift in Sources */,
				D0000000000000000000006D /* AppServerModels.swift in Sources */,
				D0000000000000000000007B /* AsyncCommandRunner.swift in Sources */,
				D0000000000000000000007D /* ClaudeAuthStatusService.swift in Sources */,
				D0000000000000000000007F /* ClaudeCredentialSwitchTransaction.swift in Sources */,
				F54847F76A1B84ED288DAAE8 /* ClaudeLivePresentation.swift in Sources */,
				F27190BBD6B6F7021B0C59C0 /* ClaudeSessionCoordinator.swift in Sources */,
				D00000000000000000000081 /* ClaudeStatuslineBridgeService.swift in Sources */,
				D0000000000000000000006F /* ClaudeStoredAccount.swift in Sources */,
				D00000000000000000000083 /* CodexAccountService.swift in Sources */,
				FC4903B63F14F7DC7BB90B85 /* CodexAccountsPresentationPolicy.swift in Sources */,
				D00000000000000000000085 /* CodexAppServerTransport.swift in Sources */,
				D00000000000000000000087 /* CodexAuthBlob.swift in Sources */,
				D00000000000000000000089 /* CodexAuthSwitchTransaction.swift in Sources */,
				D0000000000000000000008B /* CodexExecutableLocator.swift in Sources */,
				FAEA8F82DE397252DED93A5A /* CodexSessionCoordinator.swift in Sources */,
				F5BD731F8400D7330ED35612 /* CodexSessionPresentation.swift in Sources */,
				F579457FDC2967D893AD44E9 /* FirstLaunchPolicy.swift in Sources */,
				D0000000000000000000008D /* GlobalClaudeCredentialService.swift in Sources */,
				D0000000000000000000008F /* GlobalCodexAuthService.swift in Sources */,
				F43E2142BE2C9BD8925155F0 /* InterprocessFileLock.swift in Sources */,
				D00000000000000000000091 /* KeychainAuthVault.swift in Sources */,
				FA45F942D3EAF5DC2CF5260E /* LaunchAtLoginController.swift in Sources */,
				FE001B7BA74548881B29F888 /* LimitsWidgetSnapshotPublisher.swift in Sources */,
				D00000000000000000000093 /* PersistedStateMigrator.swift in Sources */,
				FE6D03510A0309BE1060A3D4 /* ProviderCatalog.swift in Sources */,
				FEC2D0CE07837A62454427F9 /* ProviderOperationState.swift in Sources */,
				D00000000000000000000071 /* ProviderPresentation.swift in Sources */,
				D00000000000000000000073 /* RateLimitDisplay.swift in Sources */,
				D00000000000000000000075 /* StoredAccount.swift in Sources */,
				D00000000000000000000077 /* TrayStatusPresentation.swift in Sources */,
				F859B684E8B5BE7DFF31DBDF /* WidgetPresentationPolicy.swift in Sources */,
			);
			runOnlyForDeploymentPostprocessing = 0;
		};
		D0000000000000000000002D /* Sources */ = {
			isa = PBXSourcesBuildPhase;
			buildActionMask = 2147483647;
			files = (
				F536992662C110B2E48A5440 /* L10n.swift in Sources */,
				D00000000000000000000095 /* LimitsWidgetSnapshot.swift in Sources */,
				D00000000000000000000097 /* LimitsWidgetSnapshotStore.swift in Sources */,
			);
			runOnlyForDeploymentPostprocessing = 0;
		};
		D00000000000000000000036 /* Sources */ = {
			isa = PBXSourcesBuildPhase;
			buildActionMask = 2147483647;
			files = (
				D00000000000000000000099 /* LimitsCurrentLimitsWidget.swift in Sources */,
			);
			runOnlyForDeploymentPostprocessing = 0;
		};
		D0000000000000000000003F /* Sources */ = {
			isa = PBXSourcesBuildPhase;
			buildActionMask = 2147483647;
			files = (
				D0000000000000000000009B /* AccountsPresentationLogicTests.swift in Sources */,
				FB51D48BAA1947F2639837E5 /* AccountsRepositoryTests.swift in Sources */,
				D0000000000000000000009D /* ApplicationSceneRouterTests.swift in Sources */,
				D0000000000000000000009F /* AsyncCommandRunnerTests.swift in Sources */,
				D000000000000000000000A1 /* ClaudeCredentialSwitchTransactionTests.swift in Sources */,
				D000000000000000000000A3 /* ClaudeStatuslineBridgeServiceTests.swift in Sources */,
				D000000000000000000000A5 /* CodexAuthBlobTests.swift in Sources */,
				D000000000000000000000A7 /* CodexAuthSwitchTransactionTests.swift in Sources */,
				D000000000000000000000A9 /* CodexRuntimeEnvironmentTests.swift in Sources */,
				D000000000000000000000AB /* FirstLaunchPolicyTests.swift in Sources */,
				D000000000000000000000AD /* KeychainAuthVaultTests.swift in Sources */,
				FCFDCD6A63D89141936B5337 /* LaunchAtLoginControllerTests.swift in Sources */,
				D000000000000000000000AF /* LimitsWidgetSnapshotTests.swift in Sources */,
				D000000000000000000000B1 /* PersistedStateMigrationTests.swift in Sources */,
				FB334C164A7B40F03F66B7DF /* ProviderCatalogTests.swift in Sources */,
				D000000000000000000000B3 /* RateLimitDisplayTests.swift in Sources */,
				D000000000000000000000B5 /* ReauthenticationResolutionTests.swift in Sources */,
				F9351083F88241B95E0C4B91 /* SessionCoordinatorTests.swift in Sources */,
			);
			runOnlyForDeploymentPostprocessing = 0;
		};
		D00000000000000000000048 /* Sources */ = {
			isa = PBXSourcesBuildPhase;
			buildActionMask = 2147483647;
			files = (
				D000000000000000000000B7 /* LimitsUITests.swift in Sources */,
			);
			runOnlyForDeploymentPostprocessing = 0;
		};
/* End PBXSourcesBuildPhase section */

/* Begin PBXTargetDependency section */
		D000000000000000000000CD /* PBXTargetDependency */ = {
			isa = PBXTargetDependency;
			name = LimitsShared;
			target = D00000000000000000000027 /* LimitsShared */;
			targetProxy = D000000000000000000000CC /* PBXContainerItemProxy */;
		};
		D000000000000000000000CF /* PBXTargetDependency */ = {
			isa = PBXTargetDependency;
			name = LimitsCore;
			target = D0000000000000000000001D /* LimitsCore */;
			targetProxy = D000000000000000000000CE /* PBXContainerItemProxy */;
		};
		D000000000000000000000D1 /* PBXTargetDependency */ = {
			isa = PBXTargetDependency;
			name = LimitsWidgetExtension;
			target = D00000000000000000000031 /* LimitsWidgetExtension */;
			targetProxy = D000000000000000000000D0 /* PBXContainerItemProxy */;
		};
		D000000000000000000000D3 /* PBXTargetDependency */ = {
			isa = PBXTargetDependency;
			name = LimitsShared;
			target = D00000000000000000000027 /* LimitsShared */;
			targetProxy = D000000000000000000000D2 /* PBXContainerItemProxy */;
		};
		D000000000000000000000D5 /* PBXTargetDependency */ = {
			isa = PBXTargetDependency;
			name = LimitsShared;
			target = D00000000000000000000027 /* LimitsShared */;
			targetProxy = D000000000000000000000D4 /* PBXContainerItemProxy */;
		};
		D000000000000000000000D7 /* PBXTargetDependency */ = {
			isa = PBXTargetDependency;
			name = LimitsCore;
			target = D0000000000000000000001D /* LimitsCore */;
			targetProxy = D000000000000000000000D6 /* PBXContainerItemProxy */;
		};
		D000000000000000000000D9 /* PBXTargetDependency */ = {
			isa = PBXTargetDependency;
			name = LimitsShared;
			target = D00000000000000000000027 /* LimitsShared */;
			targetProxy = D000000000000000000000D8 /* PBXContainerItemProxy */;
		};
		D000000000000000000000DB /* PBXTargetDependency */ = {
			isa = PBXTargetDependency;
			name = Limits;
			target = D00000000000000000000012 /* Limits */;
			targetProxy = D000000000000000000000DA /* PBXContainerItemProxy */;
		};
/* End PBXTargetDependency section */

/* Begin PBXVariantGroup section */
		D000000000000000000000B9 /* Localizable.strings */ = {
			isa = PBXVariantGroup;
			children = (
				D000000000000000000000BA /* en */,
				D000000000000000000000BB /* es */,
				D000000000000000000000BC /* fr */,
				D000000000000000000000BD /* ru */,
				D000000000000000000000BE /* zh-Hans */,
			);
			name = Localizable.strings;
			sourceTree = "<group>";
		};
/* End PBXVariantGroup section */

/* Begin XCBuildConfiguration section */
		D00000000000000000000005 /* Debug */ = {
			isa = XCBuildConfiguration;
			buildSettings = {
				ALWAYS_SEARCH_USER_PATHS = NO;
				ARCHS = arm64;
				CLANG_ANALYZER_NONNULL = YES;
				CLANG_ANALYZER_NUMBER_OBJECT_CONVERSION = YES_AGGRESSIVE;
				CLANG_CXX_LANGUAGE_STANDARD = "gnu++14";
				CLANG_CXX_LIBRARY = "libc++";
				CLANG_ENABLE_MODULES = YES;
				CLANG_ENABLE_OBJC_ARC = YES;
				CLANG_ENABLE_OBJC_WEAK = YES;
				CLANG_WARN_BLOCK_CAPTURE_AUTORELEASING = YES;
				CLANG_WARN_BOOL_CONVERSION = YES;
				CLANG_WARN_COMMA = YES;
				CLANG_WARN_CONSTANT_CONVERSION = YES;
				CLANG_WARN_DEPRECATED_OBJC_IMPLEMENTATIONS = YES;
				CLANG_WARN_DIRECT_OBJC_ISA_USAGE = YES_ERROR;
				CLANG_WARN_DOCUMENTATION_COMMENTS = YES;
				CLANG_WARN_EMPTY_BODY = YES;
				CLANG_WARN_ENUM_CONVERSION = YES;
				CLANG_WARN_INFINITE_RECURSION = YES;
				CLANG_WARN_INT_CONVERSION = YES;
				CLANG_WARN_NON_LITERAL_NULL_CONVERSION = YES;
				CLANG_WARN_OBJC_IMPLICIT_RETAIN_SELF = YES;
				CLANG_WARN_OBJC_LITERAL_CONVERSION = YES;
				CLANG_WARN_OBJC_ROOT_CLASS = YES_ERROR;
				CLANG_WARN_QUOTED_INCLUDE_IN_FRAMEWORK_HEADER = YES;
				CLANG_WARN_RANGE_LOOP_ANALYSIS = YES;
				CLANG_WARN_STRICT_PROTOTYPES = YES;
				CLANG_WARN_SUSPICIOUS_MOVE = YES;
				CLANG_WARN_UNGUARDED_AVAILABILITY = YES_AGGRESSIVE;
				CLANG_WARN_UNREACHABLE_CODE = YES;
				CLANG_WARN__DUPLICATE_METHOD_MATCH = YES;
				CODE_SIGN_STYLE = Automatic;
				COPY_PHASE_STRIP = NO;
				DEBUG_INFORMATION_FORMAT = dwarf;
				DEVELOPMENT_TEAM = M94V58FCVP;
				ENABLE_STRICT_OBJC_MSGSEND = YES;
				ENABLE_TESTABILITY = YES;
				GCC_C_LANGUAGE_STANDARD = gnu11;
				GCC_DYNAMIC_NO_PIC = NO;
				GCC_NO_COMMON_BLOCKS = YES;
				GCC_OPTIMIZATION_LEVEL = 0;
				GCC_PREPROCESSOR_DEFINITIONS = (
					"DEBUG=1",
					"$(inherited)",
				);
				GCC_WARN_64_TO_32_BIT_CONVERSION = YES;
				GCC_WARN_ABOUT_RETURN_TYPE = YES_ERROR;
				GCC_WARN_UNDECLARED_SELECTOR = YES;
				GCC_WARN_UNINITIALIZED_AUTOS = YES_AGGRESSIVE;
				GCC_WARN_UNUSED_FUNCTION = YES;
				GCC_WARN_UNUSED_VARIABLE = YES;
				LIMITS_APP_GROUP_ID = M94V58FCVP.com.amir.Limits.shared;
				MACOSX_DEPLOYMENT_TARGET = 26.0;
				MTL_ENABLE_DEBUG_INFO = INCLUDE_SOURCE;
				MTL_FAST_MATH = YES;
				ONLY_ACTIVE_ARCH = YES;
				PRODUCT_NAME = "$(TARGET_NAME)";
				SWIFT_ACTIVE_COMPILATION_CONDITIONS = DEBUG;
				SWIFT_OPTIMIZATION_LEVEL = "-Onone";
				SWIFT_STRICT_CONCURRENCY = complete;
				SWIFT_VERSION = 6.0;
			};
			name = Debug;
		};
		D00000000000000000000006 /* Release */ = {
			isa = XCBuildConfiguration;
			buildSettings = {
				ALWAYS_SEARCH_USER_PATHS = NO;
				ARCHS = arm64;
				CLANG_ANALYZER_NONNULL = YES;
				CLANG_ANALYZER_NUMBER_OBJECT_CONVERSION = YES_AGGRESSIVE;
				CLANG_CXX_LANGUAGE_STANDARD = "gnu++14";
				CLANG_CXX_LIBRARY = "libc++";
				CLANG_ENABLE_MODULES = YES;
				CLANG_ENABLE_OBJC_ARC = YES;
				CLANG_ENABLE_OBJC_WEAK = YES;
				CLANG_WARN_BLOCK_CAPTURE_AUTORELEASING = YES;
				CLANG_WARN_BOOL_CONVERSION = YES;
				CLANG_WARN_COMMA = YES;
				CLANG_WARN_CONSTANT_CONVERSION = YES;
				CLANG_WARN_DEPRECATED_OBJC_IMPLEMENTATIONS = YES;
				CLANG_WARN_DIRECT_OBJC_ISA_USAGE = YES_ERROR;
				CLANG_WARN_DOCUMENTATION_COMMENTS = YES;
				CLANG_WARN_EMPTY_BODY = YES;
				CLANG_WARN_ENUM_CONVERSION = YES;
				CLANG_WARN_INFINITE_RECURSION = YES;
				CLANG_WARN_INT_CONVERSION = YES;
				CLANG_WARN_NON_LITERAL_NULL_CONVERSION = YES;
				CLANG_WARN_OBJC_IMPLICIT_RETAIN_SELF = YES;
				CLANG_WARN_OBJC_LITERAL_CONVERSION = YES;
				CLANG_WARN_OBJC_ROOT_CLASS = YES_ERROR;
				CLANG_WARN_QUOTED_INCLUDE_IN_FRAMEWORK_HEADER = YES;
				CLANG_WARN_RANGE_LOOP_ANALYSIS = YES;
				CLANG_WARN_STRICT_PROTOTYPES = YES;
				CLANG_WARN_SUSPICIOUS_MOVE = YES;
				CLANG_WARN_UNGUARDED_AVAILABILITY = YES_AGGRESSIVE;
				CLANG_WARN_UNREACHABLE_CODE = YES;
				CLANG_WARN__DUPLICATE_METHOD_MATCH = YES;
				CODE_SIGN_STYLE = Automatic;
				COPY_PHASE_STRIP = NO;
				DEBUG_INFORMATION_FORMAT = "dwarf-with-dsym";
				DEVELOPMENT_TEAM = M94V58FCVP;
				ENABLE_NS_ASSERTIONS = NO;
				ENABLE_STRICT_OBJC_MSGSEND = YES;
				GCC_C_LANGUAGE_STANDARD = gnu11;
				GCC_NO_COMMON_BLOCKS = YES;
				GCC_WARN_64_TO_32_BIT_CONVERSION = YES;
				GCC_WARN_ABOUT_RETURN_TYPE = YES_ERROR;
				GCC_WARN_UNDECLARED_SELECTOR = YES;
				GCC_WARN_UNINITIALIZED_AUTOS = YES_AGGRESSIVE;
				GCC_WARN_UNUSED_FUNCTION = YES;
				GCC_WARN_UNUSED_VARIABLE = YES;
				LIMITS_APP_GROUP_ID = M94V58FCVP.com.amir.Limits.shared;
				MACOSX_DEPLOYMENT_TARGET = 26.0;
				MTL_ENABLE_DEBUG_INFO = NO;
				MTL_FAST_MATH = YES;
				PRODUCT_NAME = "$(TARGET_NAME)";
				SWIFT_COMPILATION_MODE = wholemodule;
				SWIFT_OPTIMIZATION_LEVEL = "-O";
				SWIFT_STRICT_CONCURRENCY = complete;
				SWIFT_VERSION = 6.0;
			};
			name = Release;
		};
		D00000000000000000000014 /* Release */ = {
			isa = XCBuildConfiguration;
			buildSettings = {
				ARCHS = arm64;
				ASSETCATALOG_COMPILER_APPICON_NAME = AppIcon;
				ASSETCATALOG_COMPILER_GLOBAL_ACCENT_COLOR_NAME = AccentColor;
				CLANG_ENABLE_MODULES = YES;
				CODE_SIGN_ENTITLEMENTS = Config/Limits.entitlements;
				CODE_SIGN_STYLE = Automatic;
				COMBINE_HIDPI_IMAGES = YES;
				CURRENT_PROJECT_VERSION = 1;
				DEVELOPMENT_TEAM = M94V58FCVP;
				ENABLE_HARDENED_RUNTIME = YES;
				GENERATE_INFOPLIST_FILE = NO;
				INFOPLIST_FILE = "Config/Limits-Info.plist";
				LD_RUNPATH_SEARCH_PATHS = "$(inherited) @executable_path/../Frameworks";
				LIMITS_APP_GROUP_ID = M94V58FCVP.com.amir.Limits.shared;
				MACOSX_DEPLOYMENT_TARGET = 26.0;
				MARKETING_VERSION = 1.0.0;
				PRODUCT_BUNDLE_IDENTIFIER = com.amir.Limits;
				PRODUCT_NAME = Limits;
				SDKROOT = macosx;
				SWIFT_STRICT_CONCURRENCY = complete;
				SWIFT_VERSION = 6.0;
			};
			name = Release;
		};
		D00000000000000000000015 /* Debug */ = {
			isa = XCBuildConfiguration;
			buildSettings = {
				ARCHS = arm64;
				ASSETCATALOG_COMPILER_APPICON_NAME = AppIcon;
				ASSETCATALOG_COMPILER_GLOBAL_ACCENT_COLOR_NAME = AccentColor;
				CLANG_ENABLE_MODULES = YES;
				CODE_SIGN_ENTITLEMENTS = Config/Limits.entitlements;
				CODE_SIGN_STYLE = Automatic;
				COMBINE_HIDPI_IMAGES = YES;
				CURRENT_PROJECT_VERSION = 1;
				DEVELOPMENT_TEAM = M94V58FCVP;
				ENABLE_HARDENED_RUNTIME = YES;
				GENERATE_INFOPLIST_FILE = NO;
				INFOPLIST_FILE = "Config/Limits-Info.plist";
				LD_RUNPATH_SEARCH_PATHS = "$(inherited) @executable_path/../Frameworks";
				LIMITS_APP_GROUP_ID = M94V58FCVP.com.amir.Limits.test.shared;
				MACOSX_DEPLOYMENT_TARGET = 26.0;
				MARKETING_VERSION = 1.0.0;
				PRODUCT_BUNDLE_IDENTIFIER = com.amir.Limits.TestHost;
				PRODUCT_NAME = Limits;
				SDKROOT = macosx;
				SWIFT_STRICT_CONCURRENCY = complete;
				SWIFT_VERSION = 6.0;
			};
			name = Debug;
		};
		D0000000000000000000001F /* Release */ = {
			isa = XCBuildConfiguration;
			buildSettings = {
				ARCHS = arm64;
				BUILD_LIBRARY_FOR_DISTRIBUTION = YES;
				CLANG_ENABLE_MODULES = YES;
				CODE_SIGN_STYLE = Automatic;
				COMBINE_HIDPI_IMAGES = YES;
				CURRENT_PROJECT_VERSION = 1;
				DEFINES_MODULE = YES;
				DEVELOPMENT_TEAM = M94V58FCVP;
				DYLIB_COMPATIBILITY_VERSION = 1;
				DYLIB_CURRENT_VERSION = 1;
				DYLIB_INSTALL_NAME_BASE = "@rpath";
				GENERATE_INFOPLIST_FILE = YES;
				INSTALL_PATH = "$(LOCAL_LIBRARY_DIR)/Frameworks";
				LD_RUNPATH_SEARCH_PATHS = "$(inherited) @executable_path/../Frameworks @loader_path/Frameworks";
				LIMITS_APP_GROUP_ID = M94V58FCVP.com.amir.Limits.shared;
				MACOSX_DEPLOYMENT_TARGET = 26.0;
				PRODUCT_BUNDLE_IDENTIFIER = com.amir.Limits.Core;
				PRODUCT_NAME = "$(TARGET_NAME:c99extidentifier)";
				SDKROOT = macosx;
				SKIP_INSTALL = YES;
				SWIFT_STRICT_CONCURRENCY = complete;
				SWIFT_VERSION = 6.0;
				VERSIONING_SYSTEM = "apple-generic";
				VERSION_INFO_PREFIX = "";
			};
			name = Release;
		};
		D00000000000000000000020 /* Debug */ = {
			isa = XCBuildConfiguration;
			buildSettings = {
				ARCHS = arm64;
				BUILD_LIBRARY_FOR_DISTRIBUTION = YES;
				CLANG_ENABLE_MODULES = YES;
				CODE_SIGN_STYLE = Automatic;
				COMBINE_HIDPI_IMAGES = YES;
				CURRENT_PROJECT_VERSION = 1;
				DEFINES_MODULE = YES;
				DEVELOPMENT_TEAM = M94V58FCVP;
				DYLIB_COMPATIBILITY_VERSION = 1;
				DYLIB_CURRENT_VERSION = 1;
				DYLIB_INSTALL_NAME_BASE = "@rpath";
				GENERATE_INFOPLIST_FILE = YES;
				INSTALL_PATH = "$(LOCAL_LIBRARY_DIR)/Frameworks";
				LD_RUNPATH_SEARCH_PATHS = "$(inherited) @executable_path/../Frameworks @loader_path/Frameworks";
				LIMITS_APP_GROUP_ID = M94V58FCVP.com.amir.Limits.shared;
				MACOSX_DEPLOYMENT_TARGET = 26.0;
				PRODUCT_BUNDLE_IDENTIFIER = com.amir.Limits.Core;
				PRODUCT_NAME = "$(TARGET_NAME:c99extidentifier)";
				SDKROOT = macosx;
				SKIP_INSTALL = YES;
				SWIFT_STRICT_CONCURRENCY = complete;
				SWIFT_VERSION = 6.0;
				VERSIONING_SYSTEM = "apple-generic";
				VERSION_INFO_PREFIX = "";
			};
			name = Debug;
		};
		D00000000000000000000029 /* Release */ = {
			isa = XCBuildConfiguration;
			buildSettings = {
				ARCHS = arm64;
				BUILD_LIBRARY_FOR_DISTRIBUTION = YES;
				CLANG_ENABLE_MODULES = YES;
				CODE_SIGN_STYLE = Automatic;
				COMBINE_HIDPI_IMAGES = YES;
				CURRENT_PROJECT_VERSION = 1;
				DEFINES_MODULE = YES;
				DEVELOPMENT_TEAM = M94V58FCVP;
				DYLIB_COMPATIBILITY_VERSION = 1;
				DYLIB_CURRENT_VERSION = 1;
				DYLIB_INSTALL_NAME_BASE = "@rpath";
				GENERATE_INFOPLIST_FILE = YES;
				INSTALL_PATH = "$(LOCAL_LIBRARY_DIR)/Frameworks";
				LD_RUNPATH_SEARCH_PATHS = "$(inherited) @executable_path/../Frameworks @loader_path/Frameworks";
				LIMITS_APP_GROUP_ID = M94V58FCVP.com.amir.Limits.shared;
				MACOSX_DEPLOYMENT_TARGET = 26.0;
				PRODUCT_BUNDLE_IDENTIFIER = com.amir.Limits.Shared;
				PRODUCT_NAME = "$(TARGET_NAME:c99extidentifier)";
				SDKROOT = macosx;
				SKIP_INSTALL = YES;
				SWIFT_STRICT_CONCURRENCY = complete;
				SWIFT_VERSION = 6.0;
				VERSIONING_SYSTEM = "apple-generic";
				VERSION_INFO_PREFIX = "";
			};
			name = Release;
		};
		D0000000000000000000002A /* Debug */ = {
			isa = XCBuildConfiguration;
			buildSettings = {
				ARCHS = arm64;
				BUILD_LIBRARY_FOR_DISTRIBUTION = YES;
				CLANG_ENABLE_MODULES = YES;
				CODE_SIGN_STYLE = Automatic;
				COMBINE_HIDPI_IMAGES = YES;
				CURRENT_PROJECT_VERSION = 1;
				DEFINES_MODULE = YES;
				DEVELOPMENT_TEAM = M94V58FCVP;
				DYLIB_COMPATIBILITY_VERSION = 1;
				DYLIB_CURRENT_VERSION = 1;
				DYLIB_INSTALL_NAME_BASE = "@rpath";
				GENERATE_INFOPLIST_FILE = YES;
				INSTALL_PATH = "$(LOCAL_LIBRARY_DIR)/Frameworks";
				LD_RUNPATH_SEARCH_PATHS = "$(inherited) @executable_path/../Frameworks @loader_path/Frameworks";
				LIMITS_APP_GROUP_ID = M94V58FCVP.com.amir.Limits.shared;
				MACOSX_DEPLOYMENT_TARGET = 26.0;
				PRODUCT_BUNDLE_IDENTIFIER = com.amir.Limits.Shared;
				PRODUCT_NAME = "$(TARGET_NAME:c99extidentifier)";
				SDKROOT = macosx;
				SKIP_INSTALL = YES;
				SWIFT_STRICT_CONCURRENCY = complete;
				SWIFT_VERSION = 6.0;
				VERSIONING_SYSTEM = "apple-generic";
				VERSION_INFO_PREFIX = "";
			};
			name = Debug;
		};
		D00000000000000000000033 /* Release */ = {
			isa = XCBuildConfiguration;
			buildSettings = {
				APPLICATION_EXTENSION_API_ONLY = YES;
				ARCHS = arm64;
				CLANG_ENABLE_MODULES = YES;
				CODE_SIGN_ENTITLEMENTS = Config/LimitsWidgetExtension.entitlements;
				CODE_SIGN_STYLE = Automatic;
				CURRENT_PROJECT_VERSION = 1;
				DEVELOPMENT_TEAM = M94V58FCVP;
				GENERATE_INFOPLIST_FILE = NO;
				INFOPLIST_FILE = "Config/LimitsWidgetExtension-Info.plist";
				LD_RUNPATH_SEARCH_PATHS = "$(inherited) @executable_path/../../../../Frameworks";
				LIMITS_APP_GROUP_ID = M94V58FCVP.com.amir.Limits.shared;
				MACOSX_DEPLOYMENT_TARGET = 26.0;
				MARKETING_VERSION = 1.0.0;
				PRODUCT_BUNDLE_IDENTIFIER = com.amir.Limits.WidgetExtension;
				SDKROOT = macosx;
				SKIP_INSTALL = YES;
				SWIFT_STRICT_CONCURRENCY = complete;
				SWIFT_VERSION = 6.0;
			};
			name = Release;
		};
		D00000000000000000000034 /* Debug */ = {
			isa = XCBuildConfiguration;
			buildSettings = {
				APPLICATION_EXTENSION_API_ONLY = YES;
				ARCHS = arm64;
				CLANG_ENABLE_MODULES = YES;
				CODE_SIGN_ENTITLEMENTS = Config/LimitsWidgetExtension.entitlements;
				CODE_SIGN_STYLE = Automatic;
				CURRENT_PROJECT_VERSION = 1;
				DEVELOPMENT_TEAM = M94V58FCVP;
				GENERATE_INFOPLIST_FILE = NO;
				INFOPLIST_FILE = "Config/LimitsWidgetExtension-Info.plist";
				LD_RUNPATH_SEARCH_PATHS = "$(inherited) @executable_path/../../../../Frameworks";
				LIMITS_APP_GROUP_ID = M94V58FCVP.com.amir.Limits.test.shared;
				MACOSX_DEPLOYMENT_TARGET = 26.0;
				MARKETING_VERSION = 1.0.0;
				PRODUCT_BUNDLE_IDENTIFIER = com.amir.Limits.TestHost.WidgetExtension;
				SDKROOT = macosx;
				SKIP_INSTALL = YES;
				SWIFT_STRICT_CONCURRENCY = complete;
				SWIFT_VERSION = 6.0;
			};
			name = Debug;
		};
		D0000000000000000000003C /* Release */ = {
			isa = XCBuildConfiguration;
			buildSettings = {
				ARCHS = arm64;
				CLANG_ENABLE_MODULES = YES;
				CODE_SIGN_STYLE = Automatic;
				DEVELOPMENT_TEAM = M94V58FCVP;
				GENERATE_INFOPLIST_FILE = YES;
				INFOPLIST_KEY_LimitsAppGroupIdentifier = M94V58FCVP.com.amir.Limits.test.shared;
				LIMITS_APP_GROUP_ID = M94V58FCVP.com.amir.Limits.shared;
				MACOSX_DEPLOYMENT_TARGET = 26.0;
				PRODUCT_BUNDLE_IDENTIFIER = com.amir.Limits.CoreTests;
				SDKROOT = macosx;
				SWIFT_STRICT_CONCURRENCY = complete;
				SWIFT_VERSION = 6.0;
			};
			name = Release;
		};
		D0000000000000000000003D /* Debug */ = {
			isa = XCBuildConfiguration;
			buildSettings = {
				ARCHS = arm64;
				CLANG_ENABLE_MODULES = YES;
				CODE_SIGN_STYLE = Automatic;
				DEVELOPMENT_TEAM = M94V58FCVP;
				GENERATE_INFOPLIST_FILE = YES;
				INFOPLIST_KEY_LimitsAppGroupIdentifier = M94V58FCVP.com.amir.Limits.test.shared;
				LIMITS_APP_GROUP_ID = M94V58FCVP.com.amir.Limits.shared;
				MACOSX_DEPLOYMENT_TARGET = 26.0;
				PRODUCT_BUNDLE_IDENTIFIER = com.amir.Limits.CoreTests;
				SDKROOT = macosx;
				SWIFT_STRICT_CONCURRENCY = complete;
				SWIFT_VERSION = 6.0;
			};
			name = Debug;
		};
		D00000000000000000000045 /* Release */ = {
			isa = XCBuildConfiguration;
			buildSettings = {
				ARCHS = arm64;
				CLANG_ENABLE_MODULES = YES;
				CODE_SIGN_STYLE = Automatic;
				DEVELOPMENT_TEAM = M94V58FCVP;
				GENERATE_INFOPLIST_FILE = YES;
				INFOPLIST_KEY_LimitsAppGroupIdentifier = M94V58FCVP.com.amir.Limits.test.shared;
				LIMITS_APP_GROUP_ID = M94V58FCVP.com.amir.Limits.shared;
				MACOSX_DEPLOYMENT_TARGET = 26.0;
				PRODUCT_BUNDLE_IDENTIFIER = com.amir.Limits.UITests;
				SDKROOT = macosx;
				SWIFT_STRICT_CONCURRENCY = complete;
				SWIFT_VERSION = 6.0;
				TEST_TARGET_NAME = Limits;
			};
			name = Release;
		};
		D00000000000000000000046 /* Debug */ = {
			isa = XCBuildConfiguration;
			buildSettings = {
				ARCHS = arm64;
				CLANG_ENABLE_MODULES = YES;
				CODE_SIGN_STYLE = Automatic;
				DEVELOPMENT_TEAM = M94V58FCVP;
				GENERATE_INFOPLIST_FILE = YES;
				INFOPLIST_KEY_LimitsAppGroupIdentifier = M94V58FCVP.com.amir.Limits.test.shared;
				LIMITS_APP_GROUP_ID = M94V58FCVP.com.amir.Limits.shared;
				MACOSX_DEPLOYMENT_TARGET = 26.0;
				PRODUCT_BUNDLE_IDENTIFIER = com.amir.Limits.UITests;
				SDKROOT = macosx;
				SWIFT_STRICT_CONCURRENCY = complete;
				SWIFT_VERSION = 6.0;
				TEST_TARGET_NAME = Limits;
			};
			name = Debug;
		};
/* End XCBuildConfiguration section */

/* Begin XCConfigurationList section */
		D00000000000000000000004 /* Build configuration list for PBXProject "Limits" */ = {
			isa = XCConfigurationList;
			buildConfigurations = (
				D00000000000000000000005 /* Debug */,
				D00000000000000000000006 /* Release */,
			);
			defaultConfigurationIsVisible = 0;
			defaultConfigurationName = Release;
		};
		D00000000000000000000013 /* Build configuration list for PBXNativeTarget "Limits" */ = {
			isa = XCConfigurationList;
			buildConfigurations = (
				D00000000000000000000015 /* Debug */,
				D00000000000000000000014 /* Release */,
			);
			defaultConfigurationIsVisible = 0;
			defaultConfigurationName = Release;
		};
		D0000000000000000000001E /* Build configuration list for PBXNativeTarget "LimitsCore" */ = {
			isa = XCConfigurationList;
			buildConfigurations = (
				D00000000000000000000020 /* Debug */,
				D0000000000000000000001F /* Release */,
			);
			defaultConfigurationIsVisible = 0;
			defaultConfigurationName = Release;
		};
		D00000000000000000000028 /* Build configuration list for PBXNativeTarget "LimitsShared" */ = {
			isa = XCConfigurationList;
			buildConfigurations = (
				D0000000000000000000002A /* Debug */,
				D00000000000000000000029 /* Release */,
			);
			defaultConfigurationIsVisible = 0;
			defaultConfigurationName = Release;
		};
		D00000000000000000000032 /* Build configuration list for PBXNativeTarget "LimitsWidgetExtension" */ = {
			isa = XCConfigurationList;
			buildConfigurations = (
				D00000000000000000000034 /* Debug */,
				D00000000000000000000033 /* Release */,
			);
			defaultConfigurationIsVisible = 0;
			defaultConfigurationName = Release;
		};
		D0000000000000000000003B /* Build configuration list for PBXNativeTarget "LimitsTests" */ = {
			isa = XCConfigurationList;
			buildConfigurations = (
				D0000000000000000000003D /* Debug */,
				D0000000000000000000003C /* Release */,
			);
			defaultConfigurationIsVisible = 0;
			defaultConfigurationName = Release;
		};
		D00000000000000000000044 /* Build configuration list for PBXNativeTarget "LimitsUITests" */ = {
			isa = XCConfigurationList;
			buildConfigurations = (
				D00000000000000000000046 /* Debug */,
				D00000000000000000000045 /* Release */,
			);
			defaultConfigurationIsVisible = 0;
			defaultConfigurationName = Release;
		};
/* End XCConfigurationList section */

/* Begin XCRemoteSwiftPackageReference section */
		D000000000000000000000E7 /* XCRemoteSwiftPackageReference "Sparkle" */ = {
			isa = XCRemoteSwiftPackageReference;
			repositoryURL = "https://github.com/sparkle-project/Sparkle";
			requirement = {
				kind = exactVersion;
				version = 2.9.6;
			};
		};
/* End XCRemoteSwiftPackageReference section */

/* Begin XCSwiftPackageProductDependency section */
		D000000000000000000000E8 /* Sparkle */ = {
			isa = XCSwiftPackageProductDependency;
			package = D000000000000000000000E7 /* XCRemoteSwiftPackageReference "Sparkle" */;
			productName = Sparkle;
		};
/* End XCSwiftPackageProductDependency section */
	};
	rootObject = D00000000000000000000001 /* Project object */;
}
